// !$*UTF8*$!
{
	archiveVersion = 1;
	classes = {
	};
	objectVersion = 77;
	objects = {

/* Begin PBXBuildFile section */
		004836954D89D6E877467C3A /* guide_24_advanced_tools_manchas_v2.png in Resources */ = {isa = PBXBuildFile; fileRef = 4909CB413F9E590B6E748C44 /* guide_24_advanced_tools_manchas_v2.png */; };
		0083CC041DF393B4AFD5080A /* guide_06_sharing_family_manchas_v2.png in Resources */ = {isa = PBXBuildFile; fileRef = 06C282CB03BDEC6AEF44B9C5 /* guide_06_sharing_family_manchas_v2.png */; };
		02C6DDAE3EB1ABFCFBF4C91E /* HostedUIAuthService.swift in Sources */ = {isa = PBXBuildFile; fileRef = D20799AB6E9D49FDE20443E9 /* HostedUIAuthService.swift */; };
		04E00FF56F15EBE2816E0EFB /* HelpCenterView.swift in Sources */ = {isa = PBXBuildFile; fileRef = 785F4A4F7DC3D1425773B754 /* HelpCenterView.swift */; };
		0F23374C3FFF9B892C7C0270 /* AppViewModel.swift in Sources */ = {isa = PBXBuildFile; fileRef = B1E9688AB4D62C4797F2C444 /* AppViewModel.swift */; };
		0F9A89ECA591CED5D86EF16B /* Assets.xcassets in Resources */ = {isa = PBXBuildFile; fileRef = 9AE8903B75C047C59E5F634A /* Assets.xcassets */; };
		11685060690A3954AE0688AD /* badge_budgeting_v2.png in Resources */ = {isa = PBXBuildFile; fileRef = F95A90D8A956479B803898A9 /* badge_budgeting_v2.png */; };
		11D4EDED70C86DB7D2566D40 /* guide_16_family_mission_board_team_v2.png in Resources */ = {isa = PBXBuildFile; fileRef = 6D34F0CB2B678B65728E704E /* guide_16_family_mission_board_team_v2.png */; };
		1297C5EB241903AF0BABCDB9 /* Localizable.strings in Resources */ = {isa = PBXBuildFile; fileRef = 4C99B87AC3D4FD5B02CB8C6A /* Localizable.strings */; };
		1471A33FCC39E0845D2459AE /* guide_15_emergency_fund_shield_mei_v2.png in Resources */ = {isa = PBXBuildFile; fileRef = 982D4114C1EC443CF5F589B0 /* guide_15_emergency_fund_shield_mei_v2.png */; };
		163578777B41DCF6A2A0FC5F /* ExperienceComponents.swift in Sources */ = {isa = PBXBuildFile; fileRef = 5981C773A60F2DADC1E80E7B /* ExperienceComponents.swift */; };
		16A32504BA5C649D391C39B1 /* MascotExperienceComponents.swift in Sources */ = {isa = PBXBuildFile; fileRef = 0FE1210A9F294B7F39DB6F2D /* MascotExperienceComponents.swift */; };
		17EBFD7F7D5C568DFA011E37 /* Models.swift in Sources */ = {isa = PBXBuildFile; fileRef = C0ABD400C4F74E75F803BAFC /* Models.swift */; };
		1A39E8A6890D71AA0AE136C4 /* guide_13_subscription_hydra_manchas_v2.png in Resources */ = {isa = PBXBuildFile; fileRef = 879896D4090BAF21D8382509 /* guide_13_subscription_hydra_manchas_v2.png */; };
		1BFAC9F2D1D8FBF19FBE8052 /* LocalLedgerExport.swift in Sources */ = {isa = PBXBuildFile; fileRef = 32229B7B2F800571C744726E /* LocalLedgerExport.swift */; };
		1CE14497B68CA6E4954F9024 /* badge_savings_v2.png in Resources */ = {isa = PBXBuildFile; fileRef = 63E04732FD9E469418EE3975 /* badge_savings_v2.png */; };
		1E3FF07028AD55E759042E65 /* guide_20_subscription_checkout_manchas_v2.png in Resources */ = {isa = PBXBuildFile; fileRef = 1053B33502C1AAC11F427D5C /* guide_20_subscription_checkout_manchas_v2.png */; };
		1EDAB963E4B94727860B6295 /* tikki_proud_v2.png in Resources */ = {isa = PBXBuildFile; fileRef = 32D571FF86AFF17DD600166C /* tikki_proud_v2.png */; };
		2075B4BAD8CFC8E86497DF21 /* manchas_love_v2.png in Resources */ = {isa = PBXBuildFile; fileRef = 88014219EB3F0992C86B6B8F /* manchas_love_v2.png */; };
		2180ED9BE745BCC430A6B38C /* GuideSheet.swift in Sources */ = {isa = PBXBuildFile; fileRef = A20839DBFC007023E8C5F905 /* GuideSheet.swift */; };
		24530C5507D70C5A3041AE7C /* FinanceToolSupportViews.swift in Sources */ = {isa = PBXBuildFile; fileRef = 659DC0EB3BB892E509CF9D7E /* FinanceToolSupportViews.swift */; };
		25951CEDF2272CAE81E49CBB /* badge_promo_v2.png in Resources */ = {isa = PBXBuildFile; fileRef = 541EB56F619104E174DEEFC0 /* badge_promo_v2.png */; };
		2685AE7DA32662207BB88286 /* badge_family_mission_v2.png in Resources */ = {isa = PBXBuildFile; fileRef = 03D769D9ED07B6EBE80182A1 /* badge_family_mission_v2.png */; };
		27ED7669DDCF299D7726CED2 /* TrophyHistoryView.swift in Sources */ = {isa = PBXBuildFile; fileRef = 7845E9A91B6C587A2C6B48B7 /* TrophyHistoryView.swift */; };
		28DAA76C5037D75DEC8EDDEC /* FinanceBillsToolView.swift in Sources */ = {isa = PBXBuildFile; fileRef = 33A19F8E0812FD23E0901887 /* FinanceBillsToolView.swift */; };
		2C344217F9D80A1DC684F6C1 /* badge_consistency_v2.png in Resources */ = {isa = PBXBuildFile; fileRef = 73E3C4474402F5037300D8ED /* badge_consistency_v2.png */; };
		2C6851D6C10A86FF7CD2AF01 /* tikki_love_v2.png in Resources */ = {isa = PBXBuildFile; fileRef = A8ED715118825E59A8C7D31F /* tikki_love_v2.png */; };
		2C79A673121DD0E5826340D8 /* manchas_warning_v2.png in Resources */ = {isa = PBXBuildFile; fileRef = 343675A1190A132B36BB1EBE /* manchas_warning_v2.png */; };
		2DC48FEE7581A00FF9087E18 /* ConfirmAccountView.swift in Sources */ = {isa = PBXBuildFile; fileRef = 07CC2A6F29FF5CDF041CF122 /* ConfirmAccountView.swift */; };
		2EB29CB1121A96A1465D209C /* guide_02_log_expense_manchas_v2.png in Resources */ = {isa = PBXBuildFile; fileRef = A511C8E9FCC26A2D46E74E8E /* guide_02_log_expense_manchas_v2.png */; };
		2EEDC13EE0959F9789EA5EE9 /* guide_26_loading_yarn_team_v2.png in Resources */ = {isa = PBXBuildFile; fileRef = 77338DCA49A69EB2F0830792 /* guide_26_loading_yarn_team_v2.png */; };
		30CC4427086325546CBEFE6A /* SpendSageApp.swift in Sources */ = {isa = PBXBuildFile; fileRef = 0C815B84250314C2A948D50C /* SpendSageApp.swift */; };
		314224FD0FC0F6682AF9F444 /* badge_sharing_v2.png in Resources */ = {isa = PBXBuildFile; fileRef = 378620C0690A616199A2C0E9 /* badge_sharing_v2.png */; };
		3670C685389907A51DF26B33 /* badge_boss_fight_v2.png in Resources */ = {isa = PBXBuildFile; fileRef = D5B69B0FEBEE21F1A351DB7B /* badge_boss_fight_v2.png */; };
		3728D313064AF5547716224D /* tikki_shocked_v2.png in Resources */ = {isa = PBXBuildFile; fileRef = 892E229A6B0A3521B629B4C9 /* tikki_shocked_v2.png */; };
		396CC1814EFDE8EE92647C33 /* guide_08_daily_checkin_manchas_v2.png in Resources */ = {isa = PBXBuildFile; fileRef = 9D0C1A2BE8999CC797CEA6DE /* guide_08_daily_checkin_manchas_v2.png */; };
		39C47AD77DD4044A0F8385F5 /* guide_25_splash_team_v2.png in Resources */ = {isa = PBXBuildFile; fileRef = D64A1E343A7B2A8D900694D6 /* guide_25_splash_team_v2.png */; };
		3FE7B310989B98BD69678336 /* mei_happy_v2.png in Resources */ = {isa = PBXBuildFile; fileRef = 0EA5F8005ABD9F3AFD3D0533 /* mei_happy_v2.png */; };
		41272B5D248649B61D7C367C /* manchas_happy_v2.png in Resources */ = {isa = PBXBuildFile; fileRef = 47666EACB35D65453210294C /* manchas_happy_v2.png */; };
		4404D795880F86C1125D6917 /* mei_love_v2.png in Resources */ = {isa = PBXBuildFile; fileRef = 91D094C74AA70ED5B5BDD719 /* mei_love_v2.png */; };
		47507D83620E8BA77B4BBAB0 /* badge_subscription_hydra_v2.png in Resources */ = {isa = PBXBuildFile; fileRef = B1C81AE4CDAB676C1935EBB5 /* badge_subscription_hydra_v2.png */; };
		4AC59ECC6C5FAC2BE9B27D48 /* badge_receipt_scan_v2.png in Resources */ = {isa = PBXBuildFile; fileRef = B7B1538715687F2EE6552CA7 /* badge_receipt_scan_v2.png */; };
		4C03C37B3AF9BD27DC87A4E6 /* badge_safe_to_spend_v2.png in Resources */ = {isa = PBXBuildFile; fileRef = 7FD463CBF88A570CC373ACAF /* badge_safe_to_spend_v2.png */; };
		4CDDE7C4304F9716DE55E223 /* badge_bill_radar_v2.png in Resources */ = {isa = PBXBuildFile; fileRef = 074ED50AD46A79F7959B19F5 /* badge_bill_radar_v2.png */; };
		4D4645CD2FE607017F0639D5 /* AuthView.swift in Sources */ = {isa = PBXBuildFile; fileRef = 8CC8D8BD53F09EA71C1D0744 /* AuthView.swift */; };
		5154AF9E6F213923B5C3A85F /* BrandAssets.swift in Sources */ = {isa = PBXBuildFile; fileRef = 1AE2F76BDDB3352DE57B540F /* BrandAssets.swift */; };
		51FAC1B085057384E851296F /* guide_11_budget_wizard_steps_mei_v2.png in Resources */ = {isa = PBXBuildFile; fileRef = 4EC8FC03BF043A01412B0A19 /* guide_11_budget_wizard_steps_mei_v2.png */; };
		52978F026A957FCC3741603E /* ResetPasswordView.swift in Sources */ = {isa = PBXBuildFile; fileRef = CED414330125E63F549BE0AC /* ResetPasswordView.swift */; };
		53326A1648AC3A7FD899300F /* badge_questline_monthly_v2.png in Resources */ = {isa = PBXBuildFile; fileRef = 97159ED4214285E5D0121413 /* badge_questline_monthly_v2.png */; };
		5340611E555D802AA8F15F72 /* badge_import_wizard_v2.png in Resources */ = {isa = PBXBuildFile; fileRef = AE8C1C919AE0E0513B4DA678 /* badge_import_wizard_v2.png */; };
		54778A0605C6E1DFED6AD518 /* asset_manifest.json in Resources */ = {isa = PBXBuildFile; fileRef = 1288CDB648EC0EE60433AA28 /* asset_manifest.json */; };
		56BB8D8311E4328268C5B457 /* mei_sad_v2.png in Resources */ = {isa = PBXBuildFile; fileRef = F98A5CF74809E99E93E1C62A /* mei_sad_v2.png */; };
		5857534E7E423891F0D2B0EE /* AdvancedSettingsView.swift in Sources */ = {isa = PBXBuildFile; fileRef = EBCBCE8B2F2F891F368C7DFB /* AdvancedSettingsView.swift */; };
		595315DF5DA18CECF73DDD87 /* guide_03_budgets_tikki_v2.png in Resources */ = {isa = PBXBuildFile; fileRef = D99D734B1727A89137ADB2A2 /* guide_03_budgets_tikki_v2.png */; };
		5990879729FF8B63FB7F8BA4 /* tikki_happy_v2.png in Resources */ = {isa = PBXBuildFile; fileRef = 6CD5456D851E00E542F1EA16 /* tikki_happy_v2.png */; };
		59DD44AF2E83C6059C98A1D6 /* guide_19_pricing_cards_tikki_v2.png in Resources */ = {isa = PBXBuildFile; fileRef = 1C943812C888E3649FB12721 /* guide_19_pricing_cards_tikki_v2.png */; };
		5BB52A0F143440689412542C /* guide_05_scan_receipt_mei_v2.png in Resources */ = {isa = PBXBuildFile; fileRef = 2B87008CE2372CB69639994B /* guide_05_scan_receipt_mei_v2.png */; };
		5ED18086411C9BF641209300 /* guide_17_landing_hero_team_v2.png in Resources */ = {isa = PBXBuildFile; fileRef = D580D8C19B9AB6A19F40056F /* guide_17_landing_hero_team_v2.png */; };
		5F087A9A789816CA3D0374CB /* ProfileView.swift in Sources */ = {isa = PBXBuildFile; fileRef = CF636AE08A9FDCCDF51460A3 /* ProfileView.swift */; };
		5F44785BE1DCD74E6C9965D3 /* badge_skip_shield_v2.png in Resources */ = {isa = PBXBuildFile; fileRef = 0950D54C8EE164795F75E8E0 /* badge_skip_shield_v2.png */; };
		63C6E1A11E502FF3A3FAFA95 /* acc_gift_box_v2.png in Resources */ = {isa = PBXBuildFile; fileRef = 395612E2903C037F30684D06 /* acc_gift_box_v2.png */; };
		65B04B25CFA84CFF4DB53DCF /* SpendSageTests.swift in Sources */ = {isa = PBXBuildFile; fileRef = 8208B2A457D6AAFADFE86068 /* SpendSageTests.swift */; };
		65DEE45F1C785415514FA596 /* badge_emergency_fund_v2.png in Resources */ = {isa = PBXBuildFile; fileRef = 52B3CA92761FBC301047656D /* badge_emergency_fund_v2.png */; };
		6774303E61BA886C94A15DAB /* acc_warning_triangle_lightning_v2.png in Resources */ = {isa = PBXBuildFile; fileRef = 11BBA3D8FF7A9D47779934EC /* acc_warning_triangle_lightning_v2.png */; };
		68B17B5FED39DD6438F6AA71 /* acc_hologram_charts_magnifier_v2.png in Resources */ = {isa = PBXBuildFile; fileRef = 880A65382CE97B752CBFCC0A /* acc_hologram_charts_magnifier_v2.png */; };
		6A7708B2F5103A9CCFC04D88 /* mei_sleepy_v2.png in Resources */ = {isa = PBXBuildFile; fileRef = 0670165A10A90A31703E4200 /* mei_sleepy_v2.png */; };
		748A230A2F9398A3A9D02B41 /* ExpensesCenterView.swift in Sources */ = {isa = PBXBuildFile; fileRef = A17C24351BCC0914DF6508A0 /* ExpensesCenterView.swift */; };
		74E67A929DC71D863D2EFABC /* guide_21_profile_identity_ludo_v2.png in Resources */ = {isa = PBXBuildFile; fileRef = 17BB41FBBB25D087C86ECE68 /* guide_21_profile_identity_ludo_v2.png */; };
		77843C280365837DC6797467 /* OnboardingView.swift in Sources */ = {isa = PBXBuildFile; fileRef = B23BFBEACF79B0FDCC1A81A6 /* OnboardingView.swift */; };
		7883824A9181C09919A5380F /* BudgetWizardView.swift in Sources */ = {isa = PBXBuildFile; fileRef = 6D4BECA3A82774A38C48D3E3 /* BudgetWizardView.swift */; };
		78FD6FF7284FE22A88BCE118 /* FinanceReceiptScanToolView.swift in Sources */ = {isa = PBXBuildFile; fileRef = 975B357AB70EED51E253E86B /* FinanceReceiptScanToolView.swift */; };
		7DF4DC2173F9DABE964341CE /* mei_neutral_v2.png in Resources */ = {isa = PBXBuildFile; fileRef = C21073C0C9AA6223F9F37057 /* mei_neutral_v2.png */; };
		805D1B4518B239EA06BEEC51 /* badge_quest_weekly_v2.png in Resources */ = {isa = PBXBuildFile; fileRef = F3B24BF2E6CF26600BC87CD9 /* badge_quest_weekly_v2.png */; };
		8105DE94DC5BF7700AA2AF55 /* guide_01_dashboard_game_manchas_v2.png in Resources */ = {isa = PBXBuildFile; fileRef = 0E1BE112CF5E024F291765EC /* guide_01_dashboard_game_manchas_v2.png */; };
		8138660088F953DFBD59FD05 /* manchas_proud_v2.png in Resources */ = {isa = PBXBuildFile; fileRef = 1169E0D96A6C65EC1687F228 /* manchas_proud_v2.png */; };
		814A93CC9BAC8C86152BE59E /* AuthConfiguration.swift in Sources */ = {isa = PBXBuildFile; fileRef = 8F8C04C37584D822E473A28C /* AuthConfiguration.swift */; };
		8190DE8A0F0ADDF37A21E9A0 /* SettingsView.swift in Sources */ = {isa = PBXBuildFile; fileRef = 5D3A812673FCF633E5AD7A82 /* SettingsView.swift */; };
		81A195C6661D81AD64D01C2B /* mei_confused_v2.png in Resources */ = {isa = PBXBuildFile; fileRef = 9A23E37FABB52A00D56C60E0 /* mei_confused_v2.png */; };
		8292A4A6EA5F306BF62E8F2B /* acc_piggy_bank_v2.png in Resources */ = {isa = PBXBuildFile; fileRef = EA374BFBC213D0206C79331D /* acc_piggy_bank_v2.png */; };
		82DEEAED45406847C6ACBF4B /* GrowthSnapshot.swift in Sources */ = {isa = PBXBuildFile; fileRef = 9D3AEF1794D4F1F9FB3A5132 /* GrowthSnapshot.swift */; };
		8372F74D3DFD4FA61F319A04 /* manchas_confused_v2.png in Resources */ = {isa = PBXBuildFile; fileRef = 9FBC5889CBCCFDF8175100DF /* manchas_confused_v2.png */; };
		854E570E14FDC559AC45CF85 /* manchas_excited_v2.png in Resources */ = {isa = PBXBuildFile; fileRef = 43615E6FC9EF243440A82D03 /* manchas_excited_v2.png */; };
		881D226EEA77199BD5AF973C /* badge_quest_daily_v2.png in Resources */ = {isa = PBXBuildFile; fileRef = 0E17F16160A75590F982D8F7 /* badge_quest_daily_v2.png */; };
		89E9E8CAFC4E34AC1E24BBB5 /* Theme.swift in Sources */ = {isa = PBXBuildFile; fileRef = A6227E322248CA2A7A980D40 /* Theme.swift */; };
		8AEE18EA81762170D25C4430 /* badge_streak_guardian_v2.png in Resources */ = {isa = PBXBuildFile; fileRef = 93D1BE1943CAF1390751D8D1 /* badge_streak_guardian_v2.png */; };
		8C73293B4B63FCC6FA3933BB /* manchas_sleepy_v2.png in Resources */ = {isa = PBXBuildFile; fileRef = DBE7F426A63A571AE1C649B2 /* manchas_sleepy_v2.png */; };
		8DA60C3925DAF9C6CAFCE167 /* guide_04_ai_insights_mei_v2.png in Resources */ = {isa = PBXBuildFile; fileRef = 6A004DC3D845B540E03A0F8E /* guide_04_ai_insights_mei_v2.png */; };
		90423D9EBA9817B430E3AD6D /* mei_thinking_v2.png in Resources */ = {isa = PBXBuildFile; fileRef = 93401EF4F5CA0C3623B192EC /* mei_thinking_v2.png */; };
		90729DDE223995E1CAD0EFDD /* acc_receipt_scan_beam_v2.png in Resources */ = {isa = PBXBuildFile; fileRef = 094260DEB3E03665653E57E2 /* acc_receipt_scan_beam_v2.png */; };
		913F7F3BB80FF05CB5AF32D2 /* badge_ai_insights_v2.png in Resources */ = {isa = PBXBuildFile; fileRef = 6484EA58C0651098BBA4EBF9 /* badge_ai_insights_v2.png */; };
		91E731398ADCE401D5B7B1F6 /* FinanceModels.swift in Sources */ = {isa = PBXBuildFile; fileRef = 5FC5D00895B952997D987883 /* FinanceModels.swift */; };
		923780D32BAFAE1DB62DF5DD /* app_icon_tinted_v2.png in Resources */ = {isa = PBXBuildFile; fileRef = A1A1593B44B0AF3E92938E23 /* app_icon_tinted_v2.png */; };
		93A5A96EF2B3A5812249918F /* PrivacyInfo.xcprivacy in Resources */ = {isa = PBXBuildFile; fileRef = FE163B10627FB89DA27DC692 /* PrivacyInfo.xcprivacy */; };
		9530C8BBEF430A2B30F885CC /* badge_goals_v2.png in Resources */ = {isa = PBXBuildFile; fileRef = 381690D6AA9297592598EC3A /* badge_goals_v2.png */; };
		970786DA41BB24AC236F80E0 /* badge_recovery_mode_v2.png in Resources */ = {isa = PBXBuildFile; fileRef = 9BF97127EEC9ABE5F58F3976 /* badge_recovery_mode_v2.png */; };
		9BF510400E05D1A4B72ECA8A /* BrandGalleryView.swift in Sources */ = {isa = PBXBuildFile; fileRef = 89985226F3D7B000843752AB /* BrandGalleryView.swift */; };
		9C0618AEBF3310C881D2F0AA /* badge_weekly_decision_v2.png in Resources */ = {isa = PBXBuildFile; fileRef = 98A12E850C7A5E616CC20C87 /* badge_weekly_decision_v2.png */; };
		9D3CD4F9F0A4319BF2F050F1 /* AuthSupport.swift in Sources */ = {isa = PBXBuildFile; fileRef = 679F2DB952FBB586D6057598 /* AuthSupport.swift */; };
		9D4E37757DC5A04361C411D5 /* BrandAssetImage.swift in Sources */ = {isa = PBXBuildFile; fileRef = 2EAA70C86EF69DD1AC280342 /* BrandAssetImage.swift */; };
		9EBBBC5B08AEB392943CEDEF /* tikki_neutral_v2.png in Resources */ = {isa = PBXBuildFile; fileRef = 7C165C936A00E089518582FE /* tikki_neutral_v2.png */; };
		A00BC835A937F9EF119972B6 /* guide_10_premium_trial_mei_v2.png in Resources */ = {isa = PBXBuildFile; fileRef = 53028644B920BAD667473DCA /* guide_10_premium_trial_mei_v2.png */; };
		A04E5EE473BA9699A0BFA40F /* mei_warning_v2.png in Resources */ = {isa = PBXBuildFile; fileRef = 5BDD4046567E2758D2FBE557 /* mei_warning_v2.png */; };
		A14E5B6B21BADE70EC7F687F /* AppRootView.swift in Sources */ = {isa = PBXBuildFile; fileRef = B314CADFCED6D85AF660846D /* AppRootView.swift */; };
		A2DF8D44AC0AE36303F3FA67 /* CuteLoadingComponents.swift in Sources */ = {isa = PBXBuildFile; fileRef = 42E3F84D36D3AA4812BB3D79 /* CuteLoadingComponents.swift */; };
		A30437ECD8F41BABB4A42203 /* FinanceCsvImportToolView.swift in Sources */ = {isa = PBXBuildFile; fileRef = D2CB5D74645DF4C38E921764 /* FinanceCsvImportToolView.swift */; };
		A45A022AE99A11335AFB290E /* BrandComponents.swift in Sources */ = {isa = PBXBuildFile; fileRef = 4814CA0146FBD47E788B58D9 /* BrandComponents.swift */; };
		A5F0AF220D1EE49965542838 /* FinanceStore.swift in Sources */ = {isa = PBXBuildFile; fileRef = 87421858D2F5088C6CDD796E /* FinanceStore.swift */; };
		A6ADBC686E1CB99E645B79AB /* AddExpenseView.swift in Sources */ = {isa = PBXBuildFile; fileRef = E175C0F00D3BFE3E05056D15 /* AddExpenseView.swift */; };
		AAC28C76A7226EBAF0D9A40A /* manchas_sad_v2.png in Resources */ = {isa = PBXBuildFile; fileRef = ED2472E52EB780F9F6A31D1B /* manchas_sad_v2.png */; };
		AAEB7D01E712F4A2C7B8EDB0 /* mei_excited_v2.png in Resources */ = {isa = PBXBuildFile; fileRef = 5ED9FC2B123E911909B373D9 /* mei_excited_v2.png */; };
		AB2296AC9A01E51AD8D2089C /* manchas_angry_v2.png in Resources */ = {isa = PBXBuildFile; fileRef = 0683344F3860FA14F10363A3 /* manchas_angry_v2.png */; };
		ABA71B8C879D5ED55FED6FB5 /* guide_07_first_win_mei_v2.png in Resources */ = {isa = PBXBuildFile; fileRef = 9112931606581AFC35F6638B /* guide_07_first_win_mei_v2.png */; };
		ACAD378E80ADFC46E2F85EAB /* BrandStory.swift in Sources */ = {isa = PBXBuildFile; fileRef = CC05C996D8DF40D500F2777C /* BrandStory.swift */; };
		ADDAF24DAE772F38566306B3 /* manchas_neutral_v2.png in Resources */ = {isa = PBXBuildFile; fileRef = 9756F9FE063E1099AFF7B0B8 /* manchas_neutral_v2.png */; };
		AED083756FE4631D3475EBD2 /* ReceiptVisionService.swift in Sources */ = {isa = PBXBuildFile; fileRef = 7D8BC0CDC4EFA3A8AB7D5249 /* ReceiptVisionService.swift */; };
		AFC44BB846CDF66F5FEE2D7C /* mei_angry_v2.png in Resources */ = {isa = PBXBuildFile; fileRef = 376F7F2404E91AF75E89CCED /* mei_angry_v2.png */; };
		B080CCDE88FE108A3976B497 /* badge_level_up_v2.png in Resources */ = {isa = PBXBuildFile; fileRef = 510A9603A5754D7EF0CB477F /* badge_level_up_v2.png */; };
		B3FAD3530E5C3545269E681F /* Guides.swift in Sources */ = {isa = PBXBuildFile; fileRef = BA553B6500B3D28724615D2F /* Guides.swift */; };
		B46D59A3AD0468E9B116E0D5 /* badge_streak_v2.png in Resources */ = {isa = PBXBuildFile; fileRef = DE70A775400DDF0E3CBF1306 /* badge_streak_v2.png */; };
		B7816BC711D0B69DE984FBCB /* tikki_warning_v2.png in Resources */ = {isa = PBXBuildFile; fileRef = A36A2570109AE0FD2847EEE4 /* tikki_warning_v2.png */; };
		B7E351474CD77F07070565D5 /* manchas_thinking_v2.png in Resources */ = {isa = PBXBuildFile; fileRef = 5E2EABFC6AEB991E51874149 /* manchas_thinking_v2.png */; };
		BA3E435560B1762B69507B9B /* SupportCenterView.swift in Sources */ = {isa = PBXBuildFile; fileRef = 0D342BCB4C716DD57F41EBFA /* SupportCenterView.swift */; };
		BF39D786A0B6089967ABB8E4 /* acc_trophy_star_v2.png in Resources */ = {isa = PBXBuildFile; fileRef = C3BBD9C9389B38F4A67936B4 /* acc_trophy_star_v2.png */; };
		BFB1C3C45472B438B680F918 /* NativeAppShellView.swift in Sources */ = {isa = PBXBuildFile; fileRef = 02576402B4D9548B912CF835 /* NativeAppShellView.swift */; };
		BFF58A01F143EEB767E1BB2B /* badge_debt_slayer_v2.png in Resources */ = {isa = PBXBuildFile; fileRef = 6C683E92B3AC851970F0F8F6 /* badge_debt_slayer_v2.png */; };
		C7774AF9FCA3292049521C41 /* logo_mark_rosette_v2.png in Resources */ = {isa = PBXBuildFile; fileRef = 5DFAEECDA8CD17DF4B0E80CC /* logo_mark_rosette_v2.png */; };
		C89160FB8287A75BE902597B /* tikki_excited_v2.png in Resources */ = {isa = PBXBuildFile; fileRef = A1CBDFBEA5BC1FA2D5E04F09 /* tikki_excited_v2.png */; };
		CB8F42A6511C41025ABF0910 /* FinanceRulesToolView.swift in Sources */ = {isa = PBXBuildFile; fileRef = ED13FEEB87E9B10AC5DCBD3B /* FinanceRulesToolView.swift */; };
		CC7C69A3C62FF0841BCE7979 /* badge_no_spend_day_v2.png in Resources */ = {isa = PBXBuildFile; fileRef = 927048F7599BE8F4BF4D2A3B /* badge_no_spend_day_v2.png */; };
		CFEDF48A4FDA77EFC6FAD2B4 /* manchas_shocked_v2.png in Resources */ = {isa = PBXBuildFile; fileRef = 694EB7074F11A82FAD2A8FFB /* manchas_shocked_v2.png */; };
		D32B4986C1306208E18755C2 /* guide_12_budget_review_family_tikki_manchas_v2.png in Resources */ = {isa = PBXBuildFile; fileRef = EE54CD72F5015E9537F73A54 /* guide_12_budget_review_family_tikki_manchas_v2.png */; };
		D5A63F5297E1DC9294373C18 /* InfoPlist.strings in Resources */ = {isa = PBXBuildFile; fileRef = 6921A66E622A020378A8781E /* InfoPlist.strings */; };
		D84782692819883735AEBC17 /* Services.swift in Sources */ = {isa = PBXBuildFile; fileRef = 37595A2FF2CF4E81B4AE65CF /* Services.swift */; };
		D8F8CC2700F1F9919ED0851F /* badge_impulse_pause_v2.png in Resources */ = {isa = PBXBuildFile; fileRef = 6739F1D28DEEC3B3961D8680 /* badge_impulse_pause_v2.png */; };
		D97365A599A2623E035CBCB1 /* acc_wallet_card_v2.png in Resources */ = {isa = PBXBuildFile; fileRef = 54B4C2EA2A96E843D0264B1F /* acc_wallet_card_v2.png */; };
		DCE0492B5DA8A93842388CF6 /* InsightsView.swift in Sources */ = {isa = PBXBuildFile; fileRef = B2213A82431EDCFC0907F03E /* InsightsView.swift */; };
		DD5EF1AA1AA2C0479F642F48 /* PreviewFinanceData.swift in Sources */ = {isa = PBXBuildFile; fileRef = C53A1AE95E7C021246FA5580 /* PreviewFinanceData.swift */; };
		DDB676037694904B3200DF10 /* mei_shocked_v2.png in Resources */ = {isa = PBXBuildFile; fileRef = A2D0FA52659E4112BAB6EB0B /* mei_shocked_v2.png */; };
		DE5D447306B02BC086076ED6 /* LegalCenterView.swift in Sources */ = {isa = PBXBuildFile; fileRef = 19D129F26CE378A5B66A57DC /* LegalCenterView.swift */; };
		E23872066D5DD6A6F8D73B6B /* guide_22_help_center_ludo_v2.png in Resources */ = {isa = PBXBuildFile; fileRef = 5F0AE2C1EA8C7025EA368BF5 /* guide_22_help_center_ludo_v2.png */; };
		E25034002BAE44787628E3C6 /* guide_14_bill_radar_tikki_v2.png in Resources */ = {isa = PBXBuildFile; fileRef = 3C9EC4535CCE8895E6F6EFA1 /* guide_14_bill_radar_tikki_v2.png */; };
		E25A6E367BEDBD1C79DB67A4 /* tikki_angry_v2.png in Resources */ = {isa = PBXBuildFile; fileRef = CA56DF4650B5021F47704B05 /* tikki_angry_v2.png */; };
		E30FD45D36AE9FF7582B0794 /* DashboardView.swift in Sources */ = {isa = PBXBuildFile; fileRef = F6E05C5BF495CA177EAE3510 /* DashboardView.swift */; };
		E35CC7910D62E3105C971CCB /* tikki_sad_v2.png in Resources */ = {isa = PBXBuildFile; fileRef = DBE89991A8F54D1CE2F4D27A /* tikki_sad_v2.png */; };
		E3B1F629C68F702F0146C595 /* badge_smart_spend_v2.png in Resources */ = {isa = PBXBuildFile; fileRef = 91322E115925FDD6AD0C2182 /* badge_smart_spend_v2.png */; };
		E47578E85D90851BDB30D96B /* AppLocalization.swift in Sources */ = {isa = PBXBuildFile; fileRef = 8953868912CFE4A94891E678 /* AppLocalization.swift */; };
		E6141BA9C218629262E952A8 /* badge_security_v2.png in Resources */ = {isa = PBXBuildFile; fileRef = 4BF4494C2C9263636ABAA42A /* badge_security_v2.png */; };
		E69BC38F7105C656F88A66A3 /* tikki_confused_v2.png in Resources */ = {isa = PBXBuildFile; fileRef = 2E576E70A3793EB758F39D52 /* tikki_confused_v2.png */; };
		E808C62D35AF1A4E666758F8 /* tikki_thinking_v2.png in Resources */ = {isa = PBXBuildFile; fileRef = 8AA28564D2854E1BAE58B808 /* tikki_thinking_v2.png */; };
		E9DAD4C151A3D2FCBD608678 /* PremiumView.swift in Sources */ = {isa = PBXBuildFile; fileRef = 978311B951262001E5361352 /* PremiumView.swift */; };
		EACB7A6A1ACF088F9ADFA30F /* guide_09_weekly_boss_tikki_manchas_v2.png in Resources */ = {isa = PBXBuildFile; fileRef = C1E64C438F1553E4639812E3 /* guide_09_weekly_boss_tikki_manchas_v2.png */; };
		EB6DF32594016F90A8BCD728 /* guide_23_rules_automation_ludo_v2.png in Resources */ = {isa = PBXBuildFile; fileRef = 80E8DA0C08C679AF223D73F9 /* guide_23_rules_automation_ludo_v2.png */; };
		EC9FE9E3AF1E789DD8C2FBCD /* FlowStack.swift in Sources */ = {isa = PBXBuildFile; fileRef = 5D12FFE285DD4830D2F7B3D2 /* FlowStack.swift */; };
		ECB63BFF8235833AC79E2A56 /* app_icon_dark_v2.png in Resources */ = {isa = PBXBuildFile; fileRef = C65D3EB1639597D338721CE9 /* app_icon_dark_v2.png */; };
		F041F9A2211E2F6A273FFD2D /* badge_trial_starter_v2.png in Resources */ = {isa = PBXBuildFile; fileRef = 68A962C994F5DE5697471F65 /* badge_trial_starter_v2.png */; };
		F344FC8A5262BA300A86C6F7 /* acc_calculator_notebook_coin_v2.png in Resources */ = {isa = PBXBuildFile; fileRef = B07B0A36C4437FF6DABFD08D /* acc_calculator_notebook_coin_v2.png */; };
		F54EF749BC540E5FBF036647 /* mei_proud_v2.png in Resources */ = {isa = PBXBuildFile; fileRef = DE55C3D98F865BE3049CAA23 /* mei_proud_v2.png */; };
		F6AE0A61C32FE8A8903427BD /* app_icon_v2.png in Resources */ = {isa = PBXBuildFile; fileRef = 82ADAB0479FD13EC5143AED3 /* app_icon_v2.png */; };
		F6B4536F6F60E2EB56759A8B /* guide_18_landing_trust_shield_mei_v2.png in Resources */ = {isa = PBXBuildFile; fileRef = 2033E37D418EDB7A5CB1ED5F /* guide_18_landing_trust_shield_mei_v2.png */; };
		F6D4F13256E68E49F659F817 /* ReceiptVisionServiceTests.swift in Sources */ = {isa = PBXBuildFile; fileRef = DC1238852B64244DC049D08D /* ReceiptVisionServiceTests.swift */; };
		FB19B404E1F4529356C0489D /* wordmark_v2.png in Resources */ = {isa = PBXBuildFile; fileRef = 1C48A2C6F56D93D7DCF485CA /* wordmark_v2.png */; };
		FDC9CF4BAB873272B35E87BB /* FinanceAccountsToolView.swift in Sources */ = {isa = PBXBuildFile; fileRef = D7EA145E6EEC82916F75C622 /* FinanceAccountsToolView.swift */; };
		FFB288A14F62765FDCBFAC77 /* tikki_sleepy_v2.png in Resources */ = {isa = PBXBuildFile; fileRef = 4CD7057B2906325234B32F64 /* tikki_sleepy_v2.png */; };
/* End PBXBuildFile section */

/* Begin PBXContainerItemProxy section */
		64FD085295E77B93A81E9BC8 /* PBXContainerItemProxy */ = {
			isa = PBXContainerItemProxy;
			containerPortal = 630140D4516574A7C7A9712B /* Project object */;
			proxyType = 1;
			remoteGlobalIDString = 9F2ED8D47CD74BCA367AABE9;
			remoteInfo = SpendSage;
		};
/* End PBXContainerItemProxy section */

/* Begin PBXFileReference section */
		02576402B4D9548B912CF835 /* NativeAppShellView.swift */ = {isa = PBXFileReference; lastKnownFileType = sourcecode.swift; path = NativeAppShellView.swift; sourceTree = "<group>"; };
		03D769D9ED07B6EBE80182A1 /* badge_family_mission_v2.png */ = {isa = PBXFileReference; lastKnownFileType = image.png; path = badge_family_mission_v2.png; sourceTree = "<group>"; };
		0670165A10A90A31703E4200 /* mei_sleepy_v2.png */ = {isa = PBXFileReference; lastKnownFileType = image.png; path = mei_sleepy_v2.png; sourceTree = "<group>"; };
		0683344F3860FA14F10363A3 /* manchas_angry_v2.png */ = {isa = PBXFileReference; lastKnownFileType = image.png; path = manchas_angry_v2.png; sourceTree = "<group>"; };
		06C282CB03BDEC6AEF44B9C5 /* guide_06_sharing_family_manchas_v2.png */ = {isa = PBXFileReference; lastKnownFileType = image.png; path = guide_06_sharing_family_manchas_v2.png; sourceTree = "<group>"; };
		074ED50AD46A79F7959B19F5 /* badge_bill_radar_v2.png */ = {isa = PBXFileReference; lastKnownFileType = image.png; path = badge_bill_radar_v2.png; sourceTree = "<group>"; };
		07CC2A6F29FF5CDF041CF122 /* ConfirmAccountView.swift */ = {isa = PBXFileReference; lastKnownFileType = sourcecode.swift; path = ConfirmAccountView.swift; sourceTree = "<group>"; };
		094260DEB3E03665653E57E2 /* acc_receipt_scan_beam_v2.png */ = {isa = PBXFileReference; lastKnownFileType = image.png; path = acc_receipt_scan_beam_v2.png; sourceTree = "<group>"; };
		0950D54C8EE164795F75E8E0 /* badge_skip_shield_v2.png */ = {isa = PBXFileReference; lastKnownFileType = image.png; path = badge_skip_shield_v2.png; sourceTree = "<group>"; };
		0C815B84250314C2A948D50C /* SpendSageApp.swift */ = {isa = PBXFileReference; lastKnownFileType = sourcecode.swift; path = SpendSageApp.swift; sourceTree = "<group>"; };
		0D342BCB4C716DD57F41EBFA /* SupportCenterView.swift */ = {isa = PBXFileReference; lastKnownFileType = sourcecode.swift; path = SupportCenterView.swift; sourceTree = "<group>"; };
		0E17F16160A75590F982D8F7 /* badge_quest_daily_v2.png */ = {isa = PBXFileReference; lastKnownFileType = image.png; path = badge_quest_daily_v2.png; sourceTree = "<group>"; };
		0E1BE112CF5E024F291765EC /* guide_01_dashboard_game_manchas_v2.png */ = {isa = PBXFileReference; lastKnownFileType = image.png; path = guide_01_dashboard_game_manchas_v2.png; sourceTree = "<group>"; };
		0EA5F8005ABD9F3AFD3D0533 /* mei_happy_v2.png */ = {isa = PBXFileReference; lastKnownFileType = image.png; path = mei_happy_v2.png; sourceTree = "<group>"; };
		0FE1210A9F294B7F39DB6F2D /* MascotExperienceComponents.swift */ = {isa = PBXFileReference; lastKnownFileType = sourcecode.swift; path = MascotExperienceComponents.swift; sourceTree = "<group>"; };
		1053B33502C1AAC11F427D5C /* guide_20_subscription_checkout_manchas_v2.png */ = {isa = PBXFileReference; lastKnownFileType = image.png; path = guide_20_subscription_checkout_manchas_v2.png; sourceTree = "<group>"; };
		1169E0D96A6C65EC1687F228 /* manchas_proud_v2.png */ = {isa = PBXFileReference; lastKnownFileType = image.png; path = manchas_proud_v2.png; sourceTree = "<group>"; };
		11BBA3D8FF7A9D47779934EC /* acc_warning_triangle_lightning_v2.png */ = {isa = PBXFileReference; lastKnownFileType = image.png; path = acc_warning_triangle_lightning_v2.png; sourceTree = "<group>"; };
		1288CDB648EC0EE60433AA28 /* asset_manifest.json */ = {isa = PBXFileReference; lastKnownFileType = text.json; path = asset_manifest.json; sourceTree = "<group>"; };
		17BB41FBBB25D087C86ECE68 /* guide_21_profile_identity_ludo_v2.png */ = {isa = PBXFileReference; lastKnownFileType = image.png; path = guide_21_profile_identity_ludo_v2.png; sourceTree = "<group>"; };
		19D129F26CE378A5B66A57DC /* LegalCenterView.swift */ = {isa = PBXFileReference; lastKnownFileType = sourcecode.swift; path = LegalCenterView.swift; sourceTree = "<group>"; };
		1AE2F76BDDB3352DE57B540F /* BrandAssets.swift */ = {isa = PBXFileReference; lastKnownFileType = sourcecode.swift; path = BrandAssets.swift; sourceTree = "<group>"; };
		1C48A2C6F56D93D7DCF485CA /* wordmark_v2.png */ = {isa = PBXFileReference; lastKnownFileType = image.png; path = wordmark_v2.png; sourceTree = "<group>"; };
		1C943812C888E3649FB12721 /* guide_19_pricing_cards_tikki_v2.png */ = {isa = PBXFileReference; lastKnownFileType = image.png; path = guide_19_pricing_cards_tikki_v2.png; sourceTree = "<group>"; };
		2033E37D418EDB7A5CB1ED5F /* guide_18_landing_trust_shield_mei_v2.png */ = {isa = PBXFileReference; lastKnownFileType = image.png; path = guide_18_landing_trust_shield_mei_v2.png; sourceTree = "<group>"; };
		2B87008CE2372CB69639994B /* guide_05_scan_receipt_mei_v2.png */ = {isa = PBXFileReference; lastKnownFileType = image.png; path = guide_05_scan_receipt_mei_v2.png; sourceTree = "<group>"; };
		2E576E70A3793EB758F39D52 /* tikki_confused_v2.png */ = {isa = PBXFileReference; lastKnownFileType = image.png; path = tikki_confused_v2.png; sourceTree = "<group>"; };
		2EAA70C86EF69DD1AC280342 /* BrandAssetImage.swift */ = {isa = PBXFileReference; lastKnownFileType = sourcecode.swift; path = BrandAssetImage.swift; sourceTree = "<group>"; };
		32229B7B2F800571C744726E /* LocalLedgerExport.swift */ = {isa = PBXFileReference; lastKnownFileType = sourcecode.swift; path = LocalLedgerExport.swift; sourceTree = "<group>"; };
		32D571FF86AFF17DD600166C /* tikki_proud_v2.png */ = {isa = PBXFileReference; lastKnownFileType = image.png; path = tikki_proud_v2.png; sourceTree = "<group>"; };
		33A19F8E0812FD23E0901887 /* FinanceBillsToolView.swift */ = {isa = PBXFileReference; lastKnownFileType = sourcecode.swift; path = FinanceBillsToolView.swift; sourceTree = "<group>"; };
		343675A1190A132B36BB1EBE /* manchas_warning_v2.png */ = {isa = PBXFileReference; lastKnownFileType = image.png; path = manchas_warning_v2.png; sourceTree = "<group>"; };
		37595A2FF2CF4E81B4AE65CF /* Services.swift */ = {isa = PBXFileReference; lastKnownFileType = sourcecode.swift; path = Services.swift; sourceTree = "<group>"; };
		376F7F2404E91AF75E89CCED /* mei_angry_v2.png */ = {isa = PBXFileReference; lastKnownFileType = image.png; path = mei_angry_v2.png; sourceTree = "<group>"; };
		378620C0690A616199A2C0E9 /* badge_sharing_v2.png */ = {isa = PBXFileReference; lastKnownFileType = image.png; path = badge_sharing_v2.png; sourceTree = "<group>"; };
		381690D6AA9297592598EC3A /* badge_goals_v2.png */ = {isa = PBXFileReference; lastKnownFileType = image.png; path = badge_goals_v2.png; sourceTree = "<group>"; };
		395612E2903C037F30684D06 /* acc_gift_box_v2.png */ = {isa = PBXFileReference; lastKnownFileType = image.png; path = acc_gift_box_v2.png; sourceTree = "<group>"; };
		3C9EC4535CCE8895E6F6EFA1 /* guide_14_bill_radar_tikki_v2.png */ = {isa = PBXFileReference; lastKnownFileType = image.png; path = guide_14_bill_radar_tikki_v2.png; sourceTree = "<group>"; };
		42E3F84D36D3AA4812BB3D79 /* CuteLoadingComponents.swift */ = {isa = PBXFileReference; lastKnownFileType = sourcecode.swift; path = CuteLoadingComponents.swift; sourceTree = "<group>"; };
		43615E6FC9EF243440A82D03 /* manchas_excited_v2.png */ = {isa = PBXFileReference; lastKnownFileType = image.png; path = manchas_excited_v2.png; sourceTree = "<group>"; };
		47666EACB35D65453210294C /* manchas_happy_v2.png */ = {isa = PBXFileReference; lastKnownFileType = image.png; path = manchas_happy_v2.png; sourceTree = "<group>"; };
		4814CA0146FBD47E788B58D9 /* BrandComponents.swift */ = {isa = PBXFileReference; lastKnownFileType = sourcecode.swift; path = BrandComponents.swift; sourceTree = "<group>"; };
		4909CB413F9E590B6E748C44 /* guide_24_advanced_tools_manchas_v2.png */ = {isa = PBXFileReference; lastKnownFileType = image.png; path = guide_24_advanced_tools_manchas_v2.png; sourceTree = "<group>"; };
		4BF4494C2C9263636ABAA42A /* badge_security_v2.png */ = {isa = PBXFileReference; lastKnownFileType = image.png; path = badge_security_v2.png; sourceTree = "<group>"; };
		4C99B87AC3D4FD5B02CB8C6A /* Localizable.strings */ = {isa = PBXFileReference; lastKnownFileType = text.plist.strings; name = Localizable.strings; path = es.lproj/Localizable.strings; sourceTree = "<group>"; };
		4CD7057B2906325234B32F64 /* tikki_sleepy_v2.png */ = {isa = PBXFileReference; lastKnownFileType = image.png; path = tikki_sleepy_v2.png; sourceTree = "<group>"; };
		4EC8FC03BF043A01412B0A19 /* guide_11_budget_wizard_steps_mei_v2.png */ = {isa = PBXFileReference; lastKnownFileType = image.png; path = guide_11_budget_wizard_steps_mei_v2.png; sourceTree = "<group>"; };
		510A9603A5754D7EF0CB477F /* badge_level_up_v2.png */ = {isa = PBXFileReference; lastKnownFileType = image.png; path = badge_level_up_v2.png; sourceTree = "<group>"; };
		52B3CA92761FBC301047656D /* badge_emergency_fund_v2.png */ = {isa = PBXFileReference; lastKnownFileType = image.png; path = badge_emergency_fund_v2.png; sourceTree = "<group>"; };
		53028644B920BAD667473DCA /* guide_10_premium_trial_mei_v2.png */ = {isa = PBXFileReference; lastKnownFileType = image.png; path = guide_10_premium_trial_mei_v2.png; sourceTree = "<group>"; };
		541EB56F619104E174DEEFC0 /* badge_promo_v2.png */ = {isa = PBXFileReference; lastKnownFileType = image.png; path = badge_promo_v2.png; sourceTree = "<group>"; };
		54B4C2EA2A96E843D0264B1F /* acc_wallet_card_v2.png */ = {isa = PBXFileReference; lastKnownFileType = image.png; path = acc_wallet_card_v2.png; sourceTree = "<group>"; };
		5981C773A60F2DADC1E80E7B /* ExperienceComponents.swift */ = {isa = PBXFileReference; lastKnownFileType = sourcecode.swift; path = ExperienceComponents.swift; sourceTree = "<group>"; };
		5BDD4046567E2758D2FBE557 /* mei_warning_v2.png */ = {isa = PBXFileReference; lastKnownFileType = image.png; path = mei_warning_v2.png; sourceTree = "<group>"; };
		5D12FFE285DD4830D2F7B3D2 /* FlowStack.swift */ = {isa = PBXFileReference; lastKnownFileType = sourcecode.swift; path = FlowStack.swift; sourceTree = "<group>"; };
		5D3A812673FCF633E5AD7A82 /* SettingsView.swift */ = {isa = PBXFileReference; lastKnownFileType = sourcecode.swift; path = SettingsView.swift; sourceTree = "<group>"; };
		5DFAEECDA8CD17DF4B0E80CC /* logo_mark_rosette_v2.png */ = {isa = PBXFileReference; lastKnownFileType = image.png; path = logo_mark_rosette_v2.png; sourceTree = "<group>"; };
		5E2EABFC6AEB991E51874149 /* manchas_thinking_v2.png */ = {isa = PBXFileReference; lastKnownFileType = image.png; path = manchas_thinking_v2.png; sourceTree = "<group>"; };
		5ED9FC2B123E911909B373D9 /* mei_excited_v2.png */ = {isa = PBXFileReference; lastKnownFileType = image.png; path = mei_excited_v2.png; sourceTree = "<group>"; };
		5F0AE2C1EA8C7025EA368BF5 /* guide_22_help_center_ludo_v2.png */ = {isa = PBXFileReference; lastKnownFileType = image.png; path = guide_22_help_center_ludo_v2.png; sourceTree = "<group>"; };
		5FC5D00895B952997D987883 /* FinanceModels.swift */ = {isa = PBXFileReference; lastKnownFileType = sourcecode.swift; path = FinanceModels.swift; sourceTree = "<group>"; };
		63E04732FD9E469418EE3975 /* badge_savings_v2.png */ = {isa = PBXFileReference; lastKnownFileType = image.png; path = badge_savings_v2.png; sourceTree = "<group>"; };
		6484EA58C0651098BBA4EBF9 /* badge_ai_insights_v2.png */ = {isa = PBXFileReference; lastKnownFileType = image.png; path = badge_ai_insights_v2.png; sourceTree = "<group>"; };
		65830A2C04AA833875A9E3EF /* SpendSage.app */ = {isa = PBXFileReference; includeInIndex = 0; lastKnownFileType = wrapper.application; path = SpendSage.app; sourceTree = BUILT_PRODUCTS_DIR; };
		659DC0EB3BB892E509CF9D7E /* FinanceToolSupportViews.swift */ = {isa = PBXFileReference; lastKnownFileType = sourcecode.swift; path = FinanceToolSupportViews.swift; sourceTree = "<group>"; };
		6739F1D28DEEC3B3961D8680 /* badge_impulse_pause_v2.png */ = {isa = PBXFileReference; lastKnownFileType = image.png; path = badge_impulse_pause_v2.png; sourceTree = "<group>"; };
		679F2DB952FBB586D6057598 /* AuthSupport.swift */ = {isa = PBXFileReference; lastKnownFileType = sourcecode.swift; path = AuthSupport.swift; sourceTree = "<group>"; };
		68A549D8C5A62F9B2DF1A166 /* SpendSageTests.xctest */ = {isa = PBXFileReference; includeInIndex = 0; lastKnownFileType = wrapper.cfbundle; path = SpendSageTests.xctest; sourceTree = BUILT_PRODUCTS_DIR; };
		68A962C994F5DE5697471F65 /* badge_trial_starter_v2.png */ = {isa = PBXFileReference; lastKnownFileType = image.png; path = badge_trial_starter_v2.png; sourceTree = "<group>"; };
		6921A66E622A020378A8781E /* InfoPlist.strings */ = {isa = PBXFileReference; lastKnownFileType = text.plist.strings; name = InfoPlist.strings; path = es.lproj/InfoPlist.strings; sourceTree = "<group>"; };
		694EB7074F11A82FAD2A8FFB /* manchas_shocked_v2.png */ = {isa = PBXFileReference; lastKnownFileType = image.png; path = manchas_shocked_v2.png; sourceTree = "<group>"; };
		6A004DC3D845B540E03A0F8E /* guide_04_ai_insights_mei_v2.png */ = {isa = PBXFileReference; lastKnownFileType = image.png; path = guide_04_ai_insights_mei_v2.png; sourceTree = "<group>"; };
		6C683E92B3AC851970F0F8F6 /* badge_debt_slayer_v2.png */ = {isa = PBXFileReference; lastKnownFileType = image.png; path = badge_debt_slayer_v2.png; sourceTree = "<group>"; };
		6CD5456D851E00E542F1EA16 /* tikki_happy_v2.png */ = {isa = PBXFileReference; lastKnownFileType = image.png; path = tikki_happy_v2.png; sourceTree = "<group>"; };
		6D34F0CB2B678B65728E704E /* guide_16_family_mission_board_team_v2.png */ = {isa = PBXFileReference; lastKnownFileType = image.png; path = guide_16_family_mission_board_team_v2.png; sourceTree = "<group>"; };
		6D4BECA3A82774A38C48D3E3 /* BudgetWizardView.swift */ = {isa = PBXFileReference; lastKnownFileType = sourcecode.swift; path = BudgetWizardView.swift; sourceTree = "<group>"; };
		73E3C4474402F5037300D8ED /* badge_consistency_v2.png */ = {isa = PBXFileReference; lastKnownFileType = image.png; path = badge_consistency_v2.png; sourceTree = "<group>"; };
		77338DCA49A69EB2F0830792 /* guide_26_loading_yarn_team_v2.png */ = {isa = PBXFileReference; lastKnownFileType = image.png; path = guide_26_loading_yarn_team_v2.png; sourceTree = "<group>"; };
		7845E9A91B6C587A2C6B48B7 /* TrophyHistoryView.swift */ = {isa = PBXFileReference; lastKnownFileType = sourcecode.swift; path = TrophyHistoryView.swift; sourceTree = "<group>"; };
		785F4A4F7DC3D1425773B754 /* HelpCenterView.swift */ = {isa = PBXFileReference; lastKnownFileType = sourcecode.swift; path = HelpCenterView.swift; sourceTree = "<group>"; };
		7C165C936A00E089518582FE /* tikki_neutral_v2.png */ = {isa = PBXFileReference; lastKnownFileType = image.png; path = tikki_neutral_v2.png; sourceTree = "<group>"; };
		7D8BC0CDC4EFA3A8AB7D5249 /* ReceiptVisionService.swift */ = {isa = PBXFileReference; lastKnownFileType = sourcecode.swift; path = ReceiptVisionService.swift; sourceTree = "<group>"; };
		7FD463CBF88A570CC373ACAF /* badge_safe_to_spend_v2.png */ = {isa = PBXFileReference; lastKnownFileType = image.png; path = badge_safe_to_spend_v2.png; sourceTree = "<group>"; };
		80E8DA0C08C679AF223D73F9 /* guide_23_rules_automation_ludo_v2.png */ = {isa = PBXFileReference; lastKnownFileType = image.png; path = guide_23_rules_automation_ludo_v2.png; sourceTree = "<group>"; };
		8208B2A457D6AAFADFE86068 /* SpendSageTests.swift */ = {isa = PBXFileReference; lastKnownFileType = sourcecode.swift; path = SpendSageTests.swift; sourceTree = "<group>"; };
		82ADAB0479FD13EC5143AED3 /* app_icon_v2.png */ = {isa = PBXFileReference; lastKnownFileType = image.png; path = app_icon_v2.png; sourceTree = "<group>"; };
		87421858D2F5088C6CDD796E /* FinanceStore.swift */ = {isa = PBXFileReference; lastKnownFileType = sourcecode.swift; path = FinanceStore.swift; sourceTree = "<group>"; };
		879896D4090BAF21D8382509 /* guide_13_subscription_hydra_manchas_v2.png */ = {isa = PBXFileReference; lastKnownFileType = image.png; path = guide_13_subscription_hydra_manchas_v2.png; sourceTree = "<group>"; };
		88014219EB3F0992C86B6B8F /* manchas_love_v2.png */ = {isa = PBXFileReference; lastKnownFileType = image.png; path = manchas_love_v2.png; sourceTree = "<group>"; };
		880A65382CE97B752CBFCC0A /* acc_hologram_charts_magnifier_v2.png */ = {isa = PBXFileReference; lastKnownFileType = image.png; path = acc_hologram_charts_magnifier_v2.png; sourceTree = "<group>"; };
		892E229A6B0A3521B629B4C9 /* tikki_shocked_v2.png */ = {isa = PBXFileReference; lastKnownFileType = image.png; path = tikki_shocked_v2.png; sourceTree = "<group>"; };
		8953868912CFE4A94891E678 /* AppLocalization.swift */ = {isa = PBXFileReference; lastKnownFileType = sourcecode.swift; path = AppLocalization.swift; sourceTree = "<group>"; };
		89985226F3D7B000843752AB /* BrandGalleryView.swift */ = {isa = PBXFileReference; lastKnownFileType = sourcecode.swift; path = BrandGalleryView.swift; sourceTree = "<group>"; };
		8AA28564D2854E1BAE58B808 /* tikki_thinking_v2.png */ = {isa = PBXFileReference; lastKnownFileType = image.png; path = tikki_thinking_v2.png; sourceTree = "<group>"; };
		8CC8D8BD53F09EA71C1D0744 /* AuthView.swift */ = {isa = PBXFileReference; lastKnownFileType = sourcecode.swift; path = AuthView.swift; sourceTree = "<group>"; };
		8F8C04C37584D822E473A28C /* AuthConfiguration.swift */ = {isa = PBXFileReference; lastKnownFileType = sourcecode.swift; path = AuthConfiguration.swift; sourceTree = "<group>"; };
		9112931606581AFC35F6638B /* guide_07_first_win_mei_v2.png */ = {isa = PBXFileReference; lastKnownFileType = image.png; path = guide_07_first_win_mei_v2.png; sourceTree = "<group>"; };
		91322E115925FDD6AD0C2182 /* badge_smart_spend_v2.png */ = {isa = PBXFileReference; lastKnownFileType = image.png; path = badge_smart_spend_v2.png; sourceTree = "<group>"; };
		91D094C74AA70ED5B5BDD719 /* mei_love_v2.png */ = {isa = PBXFileReference; lastKnownFileType = image.png; path = mei_love_v2.png; sourceTree = "<group>"; };
		927048F7599BE8F4BF4D2A3B /* badge_no_spend_day_v2.png */ = {isa = PBXFileReference; lastKnownFileType = image.png; path = badge_no_spend_day_v2.png; sourceTree = "<group>"; };
		93401EF4F5CA0C3623B192EC /* mei_thinking_v2.png */ = {isa = PBXFileReference; lastKnownFileType = image.png; path = mei_thinking_v2.png; sourceTree = "<group>"; };
		93D1BE1943CAF1390751D8D1 /* badge_streak_guardian_v2.png */ = {isa = PBXFileReference; lastKnownFileType = image.png; path = badge_streak_guardian_v2.png; sourceTree = "<group>"; };
		97159ED4214285E5D0121413 /* badge_questline_monthly_v2.png */ = {isa = PBXFileReference; lastKnownFileType = image.png; path = badge_questline_monthly_v2.png; sourceTree = "<group>"; };
		9756F9FE063E1099AFF7B0B8 /* manchas_neutral_v2.png */ = {isa = PBXFileReference; lastKnownFileType = image.png; path = manchas_neutral_v2.png; sourceTree = "<group>"; };
		975B357AB70EED51E253E86B /* FinanceReceiptScanToolView.swift */ = {isa = PBXFileReference; lastKnownFileType = sourcecode.swift; path = FinanceReceiptScanToolView.swift; sourceTree = "<group>"; };
		978311B951262001E5361352 /* PremiumView.swift */ = {isa = PBXFileReference; lastKnownFileType = sourcecode.swift; path = PremiumView.swift; sourceTree = "<group>"; };
		982D4114C1EC443CF5F589B0 /* guide_15_emergency_fund_shield_mei_v2.png */ = {isa = PBXFileReference; lastKnownFileType = image.png; path = guide_15_emergency_fund_shield_mei_v2.png; sourceTree = "<group>"; };
		98A12E850C7A5E616CC20C87 /* badge_weekly_decision_v2.png */ = {isa = PBXFileReference; lastKnownFileType = image.png; path = badge_weekly_decision_v2.png; sourceTree = "<group>"; };
		9A23E37FABB52A00D56C60E0 /* mei_confused_v2.png */ = {isa = PBXFileReference; lastKnownFileType = image.png; path = mei_confused_v2.png; sourceTree = "<group>"; };
		9AE8903B75C047C59E5F634A /* Assets.xcassets */ = {isa = PBXFileReference; lastKnownFileType = folder.assetcatalog; path = Assets.xcassets; sourceTree = "<group>"; };
		9BF97127EEC9ABE5F58F3976 /* badge_recovery_mode_v2.png */ = {isa = PBXFileReference; lastKnownFileType = image.png; path = badge_recovery_mode_v2.png; sourceTree = "<group>"; };
		9D0C1A2BE8999CC797CEA6DE /* guide_08_daily_checkin_manchas_v2.png */ = {isa = PBXFileReference; lastKnownFileType = image.png; path = guide_08_daily_checkin_manchas_v2.png; sourceTree = "<group>"; };
		9D3AEF1794D4F1F9FB3A5132 /* GrowthSnapshot.swift */ = {isa = PBXFileReference; lastKnownFileType = sourcecode.swift; path = GrowthSnapshot.swift; sourceTree = "<group>"; };
		9FBC5889CBCCFDF8175100DF /* manchas_confused_v2.png */ = {isa = PBXFileReference; lastKnownFileType = image.png; path = manchas_confused_v2.png; sourceTree = "<group>"; };
		A17C24351BCC0914DF6508A0 /* ExpensesCenterView.swift */ = {isa = PBXFileReference; lastKnownFileType = sourcecode.swift; path = ExpensesCenterView.swift; sourceTree = "<group>"; };
		A1A1593B44B0AF3E92938E23 /* app_icon_tinted_v2.png */ = {isa = PBXFileReference; lastKnownFileType = image.png; path = app_icon_tinted_v2.png; sourceTree = "<group>"; };
		A1CBDFBEA5BC1FA2D5E04F09 /* tikki_excited_v2.png */ = {isa = PBXFileReference; lastKnownFileType = image.png; path = tikki_excited_v2.png; sourceTree = "<group>"; };
		A20839DBFC007023E8C5F905 /* GuideSheet.swift */ = {isa = PBXFileReference; lastKnownFileType = sourcecode.swift; path = GuideSheet.swift; sourceTree = "<group>"; };
		A2D0FA52659E4112BAB6EB0B /* mei_shocked_v2.png */ = {isa = PBXFileReference; lastKnownFileType = image.png; path = mei_shocked_v2.png; sourceTree = "<group>"; };
		A36A2570109AE0FD2847EEE4 /* tikki_warning_v2.png */ = {isa = PBXFileReference; lastKnownFileType = image.png; path = tikki_warning_v2.png; sourceTree = "<group>"; };
		A511C8E9FCC26A2D46E74E8E /* guide_02_log_expense_manchas_v2.png */ = {isa = PBXFileReference; lastKnownFileType = image.png; path = guide_02_log_expense_manchas_v2.png; sourceTree = "<group>"; };
		A6227E322248CA2A7A980D40 /* Theme.swift */ = {isa = PBXFileReference; lastKnownFileType = sourcecode.swift; path = Theme.swift; sourceTree = "<group>"; };
		A8ED715118825E59A8C7D31F /* tikki_love_v2.png */ = {isa = PBXFileReference; lastKnownFileType = image.png; path = tikki_love_v2.png; sourceTree = "<group>"; };
		AE8C1C919AE0E0513B4DA678 /* badge_import_wizard_v2.png */ = {isa = PBXFileReference; lastKnownFileType = image.png; path = badge_import_wizard_v2.png; sourceTree = "<group>"; };
		B07B0A36C4437FF6DABFD08D /* acc_calculator_notebook_coin_v2.png */ = {isa = PBXFileReference; lastKnownFileType = image.png; path = acc_calculator_notebook_coin_v2.png; sourceTree = "<group>"; };
		B1C81AE4CDAB676C1935EBB5 /* badge_subscription_hydra_v2.png */ = {isa = PBXFileReference; lastKnownFileType = image.png; path = badge_subscription_hydra_v2.png; sourceTree = "<group>"; };
		B1E9688AB4D62C4797F2C444 /* AppViewModel.swift */ = {isa = PBXFileReference; lastKnownFileType = sourcecode.swift; path = AppViewModel.swift; sourceTree = "<group>"; };
		B2213A82431EDCFC0907F03E /* InsightsView.swift */ = {isa = PBXFileReference; lastKnownFileType = sourcecode.swift; path = InsightsView.swift; sourceTree = "<group>"; };
		B23BFBEACF79B0FDCC1A81A6 /* OnboardingView.swift */ = {isa = PBXFileReference; lastKnownFileType = sourcecode.swift; path = OnboardingView.swift; sourceTree = "<group>"; };
		B314CADFCED6D85AF660846D /* AppRootView.swift */ = {isa = PBXFileReference; lastKnownFileType = sourcecode.swift; path = AppRootView.swift; sourceTree = "<group>"; };
		B7B1538715687F2EE6552CA7 /* badge_receipt_scan_v2.png */ = {isa = PBXFileReference; lastKnownFileType = image.png; path = badge_receipt_scan_v2.png; sourceTree = "<group>"; };
		BA553B6500B3D28724615D2F /* Guides.swift */ = {isa = PBXFileReference; lastKnownFileType = sourcecode.swift; path = Guides.swift; sourceTree = "<group>"; };
		C0ABD400C4F74E75F803BAFC /* Models.swift */ = {isa = PBXFileReference; lastKnownFileType = sourcecode.swift; path = Models.swift; sourceTree = "<group>"; };
		C1E64C438F1553E4639812E3 /* guide_09_weekly_boss_tikki_manchas_v2.png */ = {isa = PBXFileReference; lastKnownFileType = image.png; path = guide_09_weekly_boss_tikki_manchas_v2.png; sourceTree = "<group>"; };
		C21073C0C9AA6223F9F37057 /* mei_neutral_v2.png */ = {isa = PBXFileReference; lastKnownFileType = image.png; path = mei_neutral_v2.png; sourceTree = "<group>"; };
		C3BBD9C9389B38F4A67936B4 /* acc_trophy_star_v2.png */ = {isa = PBXFileReference; lastKnownFileType = image.png; path = acc_trophy_star_v2.png; sourceTree = "<group>"; };
		C53A1AE95E7C021246FA5580 /* PreviewFinanceData.swift */ = {isa = PBXFileReference; lastKnownFileType = sourcecode.swift; path = PreviewFinanceData.swift; sourceTree = "<group>"; };
		C65D3EB1639597D338721CE9 /* app_icon_dark_v2.png */ = {isa = PBXFileReference; lastKnownFileType = image.png; path = app_icon_dark_v2.png; sourceTree = "<group>"; };
		CA56DF4650B5021F47704B05 /* tikki_angry_v2.png */ = {isa = PBXFileReference; lastKnownFileType = image.png; path = tikki_angry_v2.png; sourceTree = "<group>"; };
		CC05C996D8DF40D500F2777C /* BrandStory.swift */ = {isa = PBXFileReference; lastKnownFileType = sourcecode.swift; path = BrandStory.swift; sourceTree = "<group>"; };
		CED414330125E63F549BE0AC /* ResetPasswordView.swift */ = {isa = PBXFileReference; lastKnownFileType = sourcecode.swift; path = ResetPasswordView.swift; sourceTree = "<group>"; };
		CF636AE08A9FDCCDF51460A3 /* ProfileView.swift */ = {isa = PBXFileReference; lastKnownFileType = sourcecode.swift; path = ProfileView.swift; sourceTree = "<group>"; };
		D20799AB6E9D49FDE20443E9 /* HostedUIAuthService.swift */ = {isa = PBXFileReference; lastKnownFileType = sourcecode.swift; path = HostedUIAuthService.swift; sourceTree = "<group>"; };
		D2CB5D74645DF4C38E921764 /* FinanceCsvImportToolView.swift */ = {isa = PBXFileReference; lastKnownFileType = sourcecode.swift; path = FinanceCsvImportToolView.swift; sourceTree = "<group>"; };
		D580D8C19B9AB6A19F40056F /* guide_17_landing_hero_team_v2.png */ = {isa = PBXFileReference; lastKnownFileType = image.png; path = guide_17_landing_hero_team_v2.png; sourceTree = "<group>"; };
		D5B69B0FEBEE21F1A351DB7B /* badge_boss_fight_v2.png */ = {isa = PBXFileReference; lastKnownFileType = image.png; path = badge_boss_fight_v2.png; sourceTree = "<group>"; };
		D64A1E343A7B2A8D900694D6 /* guide_25_splash_team_v2.png */ = {isa = PBXFileReference; lastKnownFileType = image.png; path = guide_25_splash_team_v2.png; sourceTree = "<group>"; };
		D7EA145E6EEC82916F75C622 /* FinanceAccountsToolView.swift */ = {isa = PBXFileReference; lastKnownFileType = sourcecode.swift; path = FinanceAccountsToolView.swift; sourceTree = "<group>"; };
		D99D734B1727A89137ADB2A2 /* guide_03_budgets_tikki_v2.png */ = {isa = PBXFileReference; lastKnownFileType = image.png; path = guide_03_budgets_tikki_v2.png; sourceTree = "<group>"; };
		DBE7F426A63A571AE1C649B2 /* manchas_sleepy_v2.png */ = {isa = PBXFileReference; lastKnownFileType = image.png; path = manchas_sleepy_v2.png; sourceTree = "<group>"; };
		DBE89991A8F54D1CE2F4D27A /* tikki_sad_v2.png */ = {isa = PBXFileReference; lastKnownFileType = image.png; path = tikki_sad_v2.png; sourceTree = "<group>"; };
		DC1238852B64244DC049D08D /* ReceiptVisionServiceTests.swift */ = {isa = PBXFileReference; lastKnownFileType = sourcecode.swift; path = ReceiptVisionServiceTests.swift; sourceTree = "<group>"; };
		DE55C3D98F865BE3049CAA23 /* mei_proud_v2.png */ = {isa = PBXFileReference; lastKnownFileType = image.png; path = mei_proud_v2.png; sourceTree = "<group>"; };
		DE70A775400DDF0E3CBF1306 /* badge_streak_v2.png */ = {isa = PBXFileReference; lastKnownFileType = image.png; path = badge_streak_v2.png; sourceTree = "<group>"; };
		E175C0F00D3BFE3E05056D15 /* AddExpenseView.swift */ = {isa = PBXFileReference; lastKnownFileType = sourcecode.swift; path = AddExpenseView.swift; sourceTree = "<group>"; };
		EA374BFBC213D0206C79331D /* acc_piggy_bank_v2.png */ = {isa = PBXFileReference; lastKnownFileType = image.png; path = acc_piggy_bank_v2.png; sourceTree = "<group>"; };
		EBCBCE8B2F2F891F368C7DFB /* AdvancedSettingsView.swift */ = {isa = PBXFileReference; lastKnownFileType = sourcecode.swift; path = AdvancedSettingsView.swift; sourceTree = "<group>"; };
		ED13FEEB87E9B10AC5DCBD3B /* FinanceRulesToolView.swift */ = {isa = PBXFileReference; lastKnownFileType = sourcecode.swift; path = FinanceRulesToolView.swift; sourceTree = "<group>"; };
		ED2472E52EB780F9F6A31D1B /* manchas_sad_v2.png */ = {isa = PBXFileReference; lastKnownFileType = image.png; path = manchas_sad_v2.png; sourceTree = "<group>"; };
		EE54CD72F5015E9537F73A54 /* guide_12_budget_review_family_tikki_manchas_v2.png */ = {isa = PBXFileReference; lastKnownFileType = image.png; path = guide_12_budget_review_family_tikki_manchas_v2.png; sourceTree = "<group>"; };
		F3B24BF2E6CF26600BC87CD9 /* badge_quest_weekly_v2.png */ = {isa = PBXFileReference; lastKnownFileType = image.png; path = badge_quest_weekly_v2.png; sourceTree = "<group>"; };
		F6E05C5BF495CA177EAE3510 /* DashboardView.swift */ = {isa = PBXFileReference; lastKnownFileType = sourcecode.swift; path = DashboardView.swift; sourceTree = "<group>"; };
		F95A90D8A956479B803898A9 /* badge_budgeting_v2.png */ = {isa = PBXFileReference; lastKnownFileType = image.png; path = badge_budgeting_v2.png; sourceTree = "<group>"; };
		F98A5CF74809E99E93E1C62A /* mei_sad_v2.png */ = {isa = PBXFileReference; lastKnownFileType = image.png; path = mei_sad_v2.png; sourceTree = "<group>"; };
		FE163B10627FB89DA27DC692 /* PrivacyInfo.xcprivacy */ = {isa = PBXFileReference; path = PrivacyInfo.xcprivacy; sourceTree = "<group>"; };
/* End PBXFileReference section */

/* Begin PBXGroup section */
		0089C3A456B4532FDD63EE73 /* Support */ = {
			isa = PBXGroup;
			children = (
				785F4A4F7DC3D1425773B754 /* HelpCenterView.swift */,
				19D129F26CE378A5B66A57DC /* LegalCenterView.swift */,
				0D342BCB4C716DD57F41EBFA /* SupportCenterView.swift */,
			);
			path = Support;
			sourceTree = "<group>";
		};
		048518921BB2B14A24E18CBD /* Settings */ = {
			isa = PBXGroup;
			children = (
				6D4BECA3A82774A38C48D3E3 /* BudgetWizardView.swift */,
				5D3A812673FCF633E5AD7A82 /* SettingsView.swift */,
			);
			path = Settings;
			sourceTree = "<group>";
		};
		09B22F592D9E53961A6E26E9 /* Localization */ = {
			isa = PBXGroup;
			children = (
				8953868912CFE4A94891E678 /* AppLocalization.swift */,
			);
			path = Localization;
			sourceTree = "<group>";
		};
		150760529CE5B130388C2855 /* v2 */ = {
			isa = PBXGroup;
			children = (
				1288CDB648EC0EE60433AA28 /* asset_manifest.json */,
				DB6B06D6BA40159386AE61E2 /* accessories */,
				C3CF431E130FA67B3228FBE1 /* badges */,
				C13985B3229F875224541908 /* characters */,
				8CDAD9E48C832C418AC2F241 /* guides */,
				8DFC002C4657564069F8B84A /* logo */,
			);
			path = v2;
			sourceTree = "<group>";
		};
		15659EA95AFCDBA0DAF936CF /* Services */ = {
			isa = PBXGroup;
			children = (
				7D8BC0CDC4EFA3A8AB7D5249 /* ReceiptVisionService.swift */,
			);
			path = Services;
			sourceTree = "<group>";
		};
		1B129884E74155ABC09C42F8 /* Expenses */ = {
			isa = PBXGroup;
			children = (
				E175C0F00D3BFE3E05056D15 /* AddExpenseView.swift */,
				A17C24351BCC0914DF6508A0 /* ExpensesCenterView.swift */,
			);
			path = Expenses;
			sourceTree = "<group>";
		};
		1EFF120122F6FFF76F8E3E72 /* Premium */ = {
			isa = PBXGroup;
			children = (
				978311B951262001E5361352 /* PremiumView.swift */,
			);
			path = Premium;
			sourceTree = "<group>";
		};
		2789462E0DF8797345A7F293 /* Products */ = {
			isa = PBXGroup;
			children = (
				65830A2C04AA833875A9E3EF /* SpendSage.app */,
				68A549D8C5A62F9B2DF1A166 /* SpendSageTests.xctest */,
			);
			name = Products;
			sourceTree = "<group>";
		};
		2F847507D28B40B87D9298F2 /* Brand */ = {
			isa = PBXGroup;
			children = (
				2EAA70C86EF69DD1AC280342 /* BrandAssetImage.swift */,
				1AE2F76BDDB3352DE57B540F /* BrandAssets.swift */,
				CC05C996D8DF40D500F2777C /* BrandStory.swift */,
			);
			path = Brand;
			sourceTree = "<group>";
		};
		388E81309124D16A8928E893 /* Growth */ = {
			isa = PBXGroup;
			children = (
				89985226F3D7B000843752AB /* BrandGalleryView.swift */,
				9D3AEF1794D4F1F9FB3A5132 /* GrowthSnapshot.swift */,
				7845E9A91B6C587A2C6B48B7 /* TrophyHistoryView.swift */,
			);
			path = Growth;
			sourceTree = "<group>";
		};
		42E22C42738047FB4DDA2674 /* Core */ = {
			isa = PBXGroup;
			children = (
				5FC5D00895B952997D987883 /* FinanceModels.swift */,
				C0ABD400C4F74E75F803BAFC /* Models.swift */,
				37595A2FF2CF4E81B4AE65CF /* Services.swift */,
				A6227E322248CA2A7A980D40 /* Theme.swift */,
				DDA9C73E819C396AB3DFFCCC /* Auth */,
				2F847507D28B40B87D9298F2 /* Brand */,
				439FAC31D754D6BDBCCA5018 /* Components */,
				A8083AF293910F6CCF2E0EAB /* Config */,
				C8E9CA6F064F9DBD4953442D /* Guides */,
				09B22F592D9E53961A6E26E9 /* Localization */,
				982784B8B26FBF2C67EE94B5 /* PreviewData */,
				15659EA95AFCDBA0DAF936CF /* Services */,
				88EC4787DA5650A6C7B20A9F /* Storage */,
			);
			path = Core;
			sourceTree = "<group>";
		};
		437B63170E74EC627E87D9A4 /* SettingsTools */ = {
			isa = PBXGroup;
			children = (
				EBCBCE8B2F2F891F368C7DFB /* AdvancedSettingsView.swift */,
				32229B7B2F800571C744726E /* LocalLedgerExport.swift */,
				CF636AE08A9FDCCDF51460A3 /* ProfileView.swift */,
			);
			path = SettingsTools;
			sourceTree = "<group>";
		};
		439FAC31D754D6BDBCCA5018 /* Components */ = {
			isa = PBXGroup;
			children = (
				4814CA0146FBD47E788B58D9 /* BrandComponents.swift */,
				42E3F84D36D3AA4812BB3D79 /* CuteLoadingComponents.swift */,
				5981C773A60F2DADC1E80E7B /* ExperienceComponents.swift */,
				5D12FFE285DD4830D2F7B3D2 /* FlowStack.swift */,
				0FE1210A9F294B7F39DB6F2D /* MascotExperienceComponents.swift */,
			);
			path = Components;
			sourceTree = "<group>";
		};
		55917ABE3F391F5EC9EEDA28 /* App */ = {
			isa = PBXGroup;
			children = (
				B314CADFCED6D85AF660846D /* AppRootView.swift */,
				B1E9688AB4D62C4797F2C444 /* AppViewModel.swift */,
				02576402B4D9548B912CF835 /* NativeAppShellView.swift */,
				0C815B84250314C2A948D50C /* SpendSageApp.swift */,
			);
			path = App;
			sourceTree = "<group>";
		};
		5BB61729313D128E1B5C1FF8 /* Auth */ = {
			isa = PBXGroup;
			children = (
				8CC8D8BD53F09EA71C1D0744 /* AuthView.swift */,
				07CC2A6F29FF5CDF041CF122 /* ConfirmAccountView.swift */,
				CED414330125E63F549BE0AC /* ResetPasswordView.swift */,
			);
			path = Auth;
			sourceTree = "<group>";
		};
		6B21BD96DC9D99EAE9871EBA /* Features */ = {
			isa = PBXGroup;
			children = (
				5BB61729313D128E1B5C1FF8 /* Auth */,
				E3221063713C291E3202C799 /* Dashboard */,
				1B129884E74155ABC09C42F8 /* Expenses */,
				772FDCD8A237910C3D48EE65 /* FinanceTools */,
				388E81309124D16A8928E893 /* Growth */,
				C1610FAFA0F65A823AB0B4A5 /* Insights */,
				CB742A7B4FAE58DBC5EAE096 /* Onboarding */,
				1EFF120122F6FFF76F8E3E72 /* Premium */,
				048518921BB2B14A24E18CBD /* Settings */,
				437B63170E74EC627E87D9A4 /* SettingsTools */,
				0089C3A456B4532FDD63EE73 /* Support */,
			);
			path = Features;
			sourceTree = "<group>";
		};
		6CEDF2D37F27A5D7BD67593F = {
			isa = PBXGroup;
			children = (
				EE59D1387E7C148E1E644E1B /* Resources */,
				D45E34289ECDDC0E7677F54C /* Sources */,
				D63995B83E0ABA1D6AF79F35 /* SpendSageTests */,
				2789462E0DF8797345A7F293 /* Products */,
			);
			sourceTree = "<group>";
		};
		772FDCD8A237910C3D48EE65 /* FinanceTools */ = {
			isa = PBXGroup;
			children = (
				D7EA145E6EEC82916F75C622 /* FinanceAccountsToolView.swift */,
				33A19F8E0812FD23E0901887 /* FinanceBillsToolView.swift */,
				D2CB5D74645DF4C38E921764 /* FinanceCsvImportToolView.swift */,
				975B357AB70EED51E253E86B /* FinanceReceiptScanToolView.swift */,
				ED13FEEB87E9B10AC5DCBD3B /* FinanceRulesToolView.swift */,
				659DC0EB3BB892E509CF9D7E /* FinanceToolSupportViews.swift */,
			);
			path = FinanceTools;
			sourceTree = "<group>";
		};
		88362C512CBB16E72B7A54C7 /* Brand */ = {
			isa = PBXGroup;
			children = (
				150760529CE5B130388C2855 /* v2 */,
			);
			path = Brand;
			sourceTree = "<group>";
		};
		88EC4787DA5650A6C7B20A9F /* Storage */ = {
			isa = PBXGroup;
			children = (
				87421858D2F5088C6CDD796E /* FinanceStore.swift */,
			);
			path = Storage;
			sourceTree = "<group>";
		};
		8CDAD9E48C832C418AC2F241 /* guides */ = {
			isa = PBXGroup;
			children = (
				0E1BE112CF5E024F291765EC /* guide_01_dashboard_game_manchas_v2.png */,
				A511C8E9FCC26A2D46E74E8E /* guide_02_log_expense_manchas_v2.png */,
				D99D734B1727A89137ADB2A2 /* guide_03_budgets_tikki_v2.png */,
				6A004DC3D845B540E03A0F8E /* guide_04_ai_insights_mei_v2.png */,
				2B87008CE2372CB69639994B /* guide_05_scan_receipt_mei_v2.png */,
				06C282CB03BDEC6AEF44B9C5 /* guide_06_sharing_family_manchas_v2.png */,
				9112931606581AFC35F6638B /* guide_07_first_win_mei_v2.png */,
				9D0C1A2BE8999CC797CEA6DE /* guide_08_daily_checkin_manchas_v2.png */,
				C1E64C438F1553E4639812E3 /* guide_09_weekly_boss_tikki_manchas_v2.png */,
				53028644B920BAD667473DCA /* guide_10_premium_trial_mei_v2.png */,
				4EC8FC03BF043A01412B0A19 /* guide_11_budget_wizard_steps_mei_v2.png */,
				EE54CD72F5015E9537F73A54 /* guide_12_budget_review_family_tikki_manchas_v2.png */,
				879896D4090BAF21D8382509 /* guide_13_subscription_hydra_manchas_v2.png */,
				3C9EC4535CCE8895E6F6EFA1 /* guide_14_bill_radar_tikki_v2.png */,
				982D4114C1EC443CF5F589B0 /* guide_15_emergency_fund_shield_mei_v2.png */,
				6D34F0CB2B678B65728E704E /* guide_16_family_mission_board_team_v2.png */,
				D580D8C19B9AB6A19F40056F /* guide_17_landing_hero_team_v2.png */,
				2033E37D418EDB7A5CB1ED5F /* guide_18_landing_trust_shield_mei_v2.png */,
				1C943812C888E3649FB12721 /* guide_19_pricing_cards_tikki_v2.png */,
				1053B33502C1AAC11F427D5C /* guide_20_subscription_checkout_manchas_v2.png */,
				17BB41FBBB25D087C86ECE68 /* guide_21_profile_identity_ludo_v2.png */,
				5F0AE2C1EA8C7025EA368BF5 /* guide_22_help_center_ludo_v2.png */,
				80E8DA0C08C679AF223D73F9 /* guide_23_rules_automation_ludo_v2.png */,
				4909CB413F9E590B6E748C44 /* guide_24_advanced_tools_manchas_v2.png */,
				D64A1E343A7B2A8D900694D6 /* guide_25_splash_team_v2.png */,
				77338DCA49A69EB2F0830792 /* guide_26_loading_yarn_team_v2.png */,
			);
			path = guides;
			sourceTree = "<group>";
		};
		8DFC002C4657564069F8B84A /* logo */ = {
			isa = PBXGroup;
			children = (
				C65D3EB1639597D338721CE9 /* app_icon_dark_v2.png */,
				A1A1593B44B0AF3E92938E23 /* app_icon_tinted_v2.png */,
				82ADAB0479FD13EC5143AED3 /* app_icon_v2.png */,
				5DFAEECDA8CD17DF4B0E80CC /* logo_mark_rosette_v2.png */,
				1C48A2C6F56D93D7DCF485CA /* wordmark_v2.png */,
			);
			path = logo;
			sourceTree = "<group>";
		};
		982784B8B26FBF2C67EE94B5 /* PreviewData */ = {
			isa = PBXGroup;
			children = (
				C53A1AE95E7C021246FA5580 /* PreviewFinanceData.swift */,
			);
			path = PreviewData;
			sourceTree = "<group>";
		};
		A8083AF293910F6CCF2E0EAB /* Config */ = {
			isa = PBXGroup;
			children = (
				8F8C04C37584D822E473A28C /* AuthConfiguration.swift */,
			);
			path = Config;
			sourceTree = "<group>";
		};
		C13985B3229F875224541908 /* characters */ = {
			isa = PBXGroup;
			children = (
				0683344F3860FA14F10363A3 /* manchas_angry_v2.png */,
				9FBC5889CBCCFDF8175100DF /* manchas_confused_v2.png */,
				43615E6FC9EF243440A82D03 /* manchas_excited_v2.png */,
				47666EACB35D65453210294C /* manchas_happy_v2.png */,
				88014219EB3F0992C86B6B8F /* manchas_love_v2.png */,
				9756F9FE063E1099AFF7B0B8 /* manchas_neutral_v2.png */,
				1169E0D96A6C65EC1687F228 /* manchas_proud_v2.png */,
				ED2472E52EB780F9F6A31D1B /* manchas_sad_v2.png */,
				694EB7074F11A82FAD2A8FFB /* manchas_shocked_v2.png */,
				DBE7F426A63A571AE1C649B2 /* manchas_sleepy_v2.png */,
				5E2EABFC6AEB991E51874149 /* manchas_thinking_v2.png */,
				343675A1190A132B36BB1EBE /* manchas_warning_v2.png */,
				376F7F2404E91AF75E89CCED /* mei_angry_v2.png */,
				9A23E37FABB52A00D56C60E0 /* mei_confused_v2.png */,
				5ED9FC2B123E911909B373D9 /* mei_excited_v2.png */,
				0EA5F8005ABD9F3AFD3D0533 /* mei_happy_v2.png */,
				91D094C74AA70ED5B5BDD719 /* mei_love_v2.png */,
				C21073C0C9AA6223F9F37057 /* mei_neutral_v2.png */,
				DE55C3D98F865BE3049CAA23 /* mei_proud_v2.png */,
				F98A5CF74809E99E93E1C62A /* mei_sad_v2.png */,
				A2D0FA52659E4112BAB6EB0B /* mei_shocked_v2.png */,
				0670165A10A90A31703E4200 /* mei_sleepy_v2.png */,
				93401EF4F5CA0C3623B192EC /* mei_thinking_v2.png */,
				5BDD4046567E2758D2FBE557 /* mei_warning_v2.png */,
				CA56DF4650B5021F47704B05 /* tikki_angry_v2.png */,
				2E576E70A3793EB758F39D52 /* tikki_confused_v2.png */,
				A1CBDFBEA5BC1FA2D5E04F09 /* tikki_excited_v2.png */,
				6CD5456D851E00E542F1EA16 /* tikki_happy_v2.png */,
				A8ED715118825E59A8C7D31F /* tikki_love_v2.png */,
				7C165C936A00E089518582FE /* tikki_neutral_v2.png */,
				32D571FF86AFF17DD600166C /* tikki_proud_v2.png */,
				DBE89991A8F54D1CE2F4D27A /* tikki_sad_v2.png */,
				892E229A6B0A3521B629B4C9 /* tikki_shocked_v2.png */,
				4CD7057B2906325234B32F64 /* tikki_sleepy_v2.png */,
				8AA28564D2854E1BAE58B808 /* tikki_thinking_v2.png */,
				A36A2570109AE0FD2847EEE4 /* tikki_warning_v2.png */,
			);
			path = characters;
			sourceTree = "<group>";
		};
		C1610FAFA0F65A823AB0B4A5 /* Insights */ = {
			isa = PBXGroup;
			children = (
				B2213A82431EDCFC0907F03E /* InsightsView.swift */,
			);
			path = Insights;
			sourceTree = "<group>";
		};
		C3CF431E130FA67B3228FBE1 /* badges */ = {
			isa = PBXGroup;
			children = (
				6484EA58C0651098BBA4EBF9 /* badge_ai_insights_v2.png */,
				074ED50AD46A79F7959B19F5 /* badge_bill_radar_v2.png */,
				D5B69B0FEBEE21F1A351DB7B /* badge_boss_fight_v2.png */,
				F95A90D8A956479B803898A9 /* badge_budgeting_v2.png */,
				73E3C4474402F5037300D8ED /* badge_consistency_v2.png */,
				6C683E92B3AC851970F0F8F6 /* badge_debt_slayer_v2.png */,
				52B3CA92761FBC301047656D /* badge_emergency_fund_v2.png */,
				03D769D9ED07B6EBE80182A1 /* badge_family_mission_v2.png */,
				381690D6AA9297592598EC3A /* badge_goals_v2.png */,
				AE8C1C919AE0E0513B4DA678 /* badge_import_wizard_v2.png */,
				6739F1D28DEEC3B3961D8680 /* badge_impulse_pause_v2.png */,
				510A9603A5754D7EF0CB477F /* badge_level_up_v2.png */,
				927048F7599BE8F4BF4D2A3B /* badge_no_spend_day_v2.png */,
				541EB56F619104E174DEEFC0 /* badge_promo_v2.png */,
				0E17F16160A75590F982D8F7 /* badge_quest_daily_v2.png */,
				F3B24BF2E6CF26600BC87CD9 /* badge_quest_weekly_v2.png */,
				97159ED4214285E5D0121413 /* badge_questline_monthly_v2.png */,
				B7B1538715687F2EE6552CA7 /* badge_receipt_scan_v2.png */,
				9BF97127EEC9ABE5F58F3976 /* badge_recovery_mode_v2.png */,
				7FD463CBF88A570CC373ACAF /* badge_safe_to_spend_v2.png */,
				63E04732FD9E469418EE3975 /* badge_savings_v2.png */,
				4BF4494C2C9263636ABAA42A /* badge_security_v2.png */,
				378620C0690A616199A2C0E9 /* badge_sharing_v2.png */,
				0950D54C8EE164795F75E8E0 /* badge_skip_shield_v2.png */,
				91322E115925FDD6AD0C2182 /* badge_smart_spend_v2.png */,
				93D1BE1943CAF1390751D8D1 /* badge_streak_guardian_v2.png */,
				DE70A775400DDF0E3CBF1306 /* badge_streak_v2.png */,
				B1C81AE4CDAB676C1935EBB5 /* badge_subscription_hydra_v2.png */,
				68A962C994F5DE5697471F65 /* badge_trial_starter_v2.png */,
				98A12E850C7A5E616CC20C87 /* badge_weekly_decision_v2.png */,
			);
			path = badges;
			sourceTree = "<group>";
		};
		C8E9CA6F064F9DBD4953442D /* Guides */ = {
			isa = PBXGroup;
			children = (
				BA553B6500B3D28724615D2F /* Guides.swift */,
				A20839DBFC007023E8C5F905 /* GuideSheet.swift */,
			);
			path = Guides;
			sourceTree = "<group>";
		};
		CB742A7B4FAE58DBC5EAE096 /* Onboarding */ = {
			isa = PBXGroup;
			children = (
				B23BFBEACF79B0FDCC1A81A6 /* OnboardingView.swift */,
			);
			path = Onboarding;
			sourceTree = "<group>";
		};
		D45E34289ECDDC0E7677F54C /* Sources */ = {
			isa = PBXGroup;
			children = (
				55917ABE3F391F5EC9EEDA28 /* App */,
				42E22C42738047FB4DDA2674 /* Core */,
				6B21BD96DC9D99EAE9871EBA /* Features */,
			);
			name = Sources;
			path = SpendSage/Sources;
			sourceTree = "<group>";
		};
		D63995B83E0ABA1D6AF79F35 /* SpendSageTests */ = {
			isa = PBXGroup;
			children = (
				DC1238852B64244DC049D08D /* ReceiptVisionServiceTests.swift */,
				8208B2A457D6AAFADFE86068 /* SpendSageTests.swift */,
			);
			path = SpendSageTests;
			sourceTree = "<group>";
		};
		DB6B06D6BA40159386AE61E2 /* accessories */ = {
			isa = PBXGroup;
			children = (
				B07B0A36C4437FF6DABFD08D /* acc_calculator_notebook_coin_v2.png */,
				395612E2903C037F30684D06 /* acc_gift_box_v2.png */,
				880A65382CE97B752CBFCC0A /* acc_hologram_charts_magnifier_v2.png */,
				EA374BFBC213D0206C79331D /* acc_piggy_bank_v2.png */,
				094260DEB3E03665653E57E2 /* acc_receipt_scan_beam_v2.png */,
				C3BBD9C9389B38F4A67936B4 /* acc_trophy_star_v2.png */,
				54B4C2EA2A96E843D0264B1F /* acc_wallet_card_v2.png */,
				11BBA3D8FF7A9D47779934EC /* acc_warning_triangle_lightning_v2.png */,
			);
			path = accessories;
			sourceTree = "<group>";
		};
		DDA9C73E819C396AB3DFFCCC /* Auth */ = {
			isa = PBXGroup;
			children = (
				679F2DB952FBB586D6057598 /* AuthSupport.swift */,
				D20799AB6E9D49FDE20443E9 /* HostedUIAuthService.swift */,
			);
			path = Auth;
			sourceTree = "<group>";
		};
		E3221063713C291E3202C799 /* Dashboard */ = {
			isa = PBXGroup;
			children = (
				F6E05C5BF495CA177EAE3510 /* DashboardView.swift */,
			);
			path = Dashboard;
			sourceTree = "<group>";
		};
		EE59D1387E7C148E1E644E1B /* Resources */ = {
			isa = PBXGroup;
			children = (
				9AE8903B75C047C59E5F634A /* Assets.xcassets */,
				6921A66E622A020378A8781E /* InfoPlist.strings */,
				4C99B87AC3D4FD5B02CB8C6A /* Localizable.strings */,
				FE163B10627FB89DA27DC692 /* PrivacyInfo.xcprivacy */,
				88362C512CBB16E72B7A54C7 /* Brand */,
			);
			name = Resources;
			path = SpendSage/Resources;
			sourceTree = "<group>";
		};
/* End PBXGroup section */

/* Begin PBXNativeTarget section */
		9F2ED8D47CD74BCA367AABE9 /* SpendSage */ = {
			isa = PBXNativeTarget;
			buildConfigurationList = 4D0BF39BAB528D549C05E133 /* Build configuration list for PBXNativeTarget "SpendSage" */;
			buildPhases = (
				0A25A722FCE77BB36166A18F /* Sources */,
				17FBAE610CE038386929EC5F /* Resources */,
			);
			buildRules = (
			);
			dependencies = (
			);
			name = SpendSage;
			packageProductDependencies = (
			);
			productName = SpendSage;
			productReference = 65830A2C04AA833875A9E3EF /* SpendSage.app */;
			productType = "com.apple.product-type.application";
		};
		F92411BCA530BEA029B91065 /* SpendSageTests */ = {
			isa = PBXNativeTarget;
			buildConfigurationList = AAA997ADB65BC4DC13E70DF7 /* Build configuration list for PBXNativeTarget "SpendSageTests" */;
			buildPhases = (
				E8A95A5EED2DD9F478C51DFA /* Sources */,
			);
			buildRules = (
			);
			dependencies = (
				7416128096ADF2052A7A2380 /* PBXTargetDependency */,
			);
			name = SpendSageTests;
			packageProductDependencies = (
			);
			productName = SpendSageTests;
			productReference = 68A549D8C5A62F9B2DF1A166 /* SpendSageTests.xctest */;
			productType = "com.apple.product-type.bundle.unit-test";
		};
/* End PBXNativeTarget section */

/* Begin PBXProject section */
		630140D4516574A7C7A9712B /* Project object */ = {
			isa = PBXProject;
			attributes = {
				BuildIndependentTargetsInParallel = YES;
				LastUpgradeCheck = 1430;
				TargetAttributes = {
					9F2ED8D47CD74BCA367AABE9 = {
						DevelopmentTeam = YU855NB22W;
						ProvisioningStyle = Automatic;
					};
					F92411BCA530BEA029B91065 = {
						DevelopmentTeam = YU855NB22W;
						ProvisioningStyle = Automatic;
					};
				};
			};
			buildConfigurationList = 0C7F8DBB5C0A8097AD1A477E /* Build configuration list for PBXProject "SpendSage" */;
			developmentRegion = en;
			hasScannedForEncodings = 0;
			knownRegions = (
				Base,
				en,
				es,
			);
			mainGroup = 6CEDF2D37F27A5D7BD67593F;
			minimizedProjectReferenceProxies = 1;
			preferredProjectObjectVersion = 77;
			productRefGroup = 2789462E0DF8797345A7F293 /* Products */;
			projectDirPath = "";
			projectRoot = "";
			targets = (
				9F2ED8D47CD74BCA367AABE9 /* SpendSage */,
				F92411BCA530BEA029B91065 /* SpendSageTests */,
			);
		};
/* End PBXProject section */

/* Begin PBXResourcesBuildPhase section */
		17FBAE610CE038386929EC5F /* Resources */ = {
			isa = PBXResourcesBuildPhase;
			buildActionMask = 2147483647;
			files = (
				0F9A89ECA591CED5D86EF16B /* Assets.xcassets in Resources */,
				D5A63F5297E1DC9294373C18 /* InfoPlist.strings in Resources */,
				1297C5EB241903AF0BABCDB9 /* Localizable.strings in Resources */,
				93A5A96EF2B3A5812249918F /* PrivacyInfo.xcprivacy in Resources */,
				F344FC8A5262BA300A86C6F7 /* acc_calculator_notebook_coin_v2.png in Resources */,
				63C6E1A11E502FF3A3FAFA95 /* acc_gift_box_v2.png in Resources */,
				68B17B5FED39DD6438F6AA71 /* acc_hologram_charts_magnifier_v2.png in Resources */,
				8292A4A6EA5F306BF62E8F2B /* acc_piggy_bank_v2.png in Resources */,
				90729DDE223995E1CAD0EFDD /* acc_receipt_scan_beam_v2.png in Resources */,
				BF39D786A0B6089967ABB8E4 /* acc_trophy_star_v2.png in Resources */,
				D97365A599A2623E035CBCB1 /* acc_wallet_card_v2.png in Resources */,
				6774303E61BA886C94A15DAB /* acc_warning_triangle_lightning_v2.png in Resources */,
				ECB63BFF8235833AC79E2A56 /* app_icon_dark_v2.png in Resources */,
				923780D32BAFAE1DB62DF5DD /* app_icon_tinted_v2.png in Resources */,
				F6AE0A61C32FE8A8903427BD /* app_icon_v2.png in Resources */,
				54778A0605C6E1DFED6AD518 /* asset_manifest.json in Resources */,
				913F7F3BB80FF05CB5AF32D2 /* badge_ai_insights_v2.png in Resources */,
				4CDDE7C4304F9716DE55E223 /* badge_bill_radar_v2.png in Resources */,
				3670C685389907A51DF26B33 /* badge_boss_fight_v2.png in Resources */,
				11685060690A3954AE0688AD /* badge_budgeting_v2.png in Resources */,
				2C344217F9D80A1DC684F6C1 /* badge_consistency_v2.png in Resources */,
				BFF58A01F143EEB767E1BB2B /* badge_debt_slayer_v2.png in Resources */,
				65DEE45F1C785415514FA596 /* badge_emergency_fund_v2.png in Resources */,
				2685AE7DA32662207BB88286 /* badge_family_mission_v2.png in Resources */,
				9530C8BBEF430A2B30F885CC /* badge_goals_v2.png in Resources */,
				5340611E555D802AA8F15F72 /* badge_import_wizard_v2.png in Resources */,
				D8F8CC2700F1F9919ED0851F /* badge_impulse_pause_v2.png in Resources */,
				B080CCDE88FE108A3976B497 /* badge_level_up_v2.png in Resources */,
				CC7C69A3C62FF0841BCE7979 /* badge_no_spend_day_v2.png in Resources */,
				25951CEDF2272CAE81E49CBB /* badge_promo_v2.png in Resources */,
				881D226EEA77199BD5AF973C /* badge_quest_daily_v2.png in Resources */,
				805D1B4518B239EA06BEEC51 /* badge_quest_weekly_v2.png in Resources */,
				53326A1648AC3A7FD899300F /* badge_questline_monthly_v2.png in Resources */,
				4AC59ECC6C5FAC2BE9B27D48 /* badge_receipt_scan_v2.png in Resources */,
				970786DA41BB24AC236F80E0 /* badge_recovery_mode_v2.png in Resources */,
				4C03C37B3AF9BD27DC87A4E6 /* badge_safe_to_spend_v2.png in Resources */,
				1CE14497B68CA6E4954F9024 /* badge_savings_v2.png in Resources */,
				E6141BA9C218629262E952A8 /* badge_security_v2.png in Resources */,
				314224FD0FC0F6682AF9F444 /* badge_sharing_v2.png in Resources */,
				5F44785BE1DCD74E6C9965D3 /* badge_skip_shield_v2.png in Resources */,
				E3B1F629C68F702F0146C595 /* badge_smart_spend_v2.png in Resources */,
				8AEE18EA81762170D25C4430 /* badge_streak_guardian_v2.png in Resources */,
				B46D59A3AD0468E9B116E0D5 /* badge_streak_v2.png in Resources */,
				47507D83620E8BA77B4BBAB0 /* badge_subscription_hydra_v2.png in Resources */,
				F041F9A2211E2F6A273FFD2D /* badge_trial_starter_v2.png in Resources */,
				9C0618AEBF3310C881D2F0AA /* badge_weekly_decision_v2.png in Resources */,
				8105DE94DC5BF7700AA2AF55 /* guide_01_dashboard_game_manchas_v2.png in Resources */,
				2EB29CB1121A96A1465D209C /* guide_02_log_expense_manchas_v2.png in Resources */,
				595315DF5DA18CECF73DDD87 /* guide_03_budgets_tikki_v2.png in Resources */,
				8DA60C3925DAF9C6CAFCE167 /* guide_04_ai_insights_mei_v2.png in Resources */,
				5BB52A0F143440689412542C /* guide_05_scan_receipt_mei_v2.png in Resources */,
				0083CC041DF393B4AFD5080A /* guide_06_sharing_family_manchas_v2.png in Resources */,
				ABA71B8C879D5ED55FED6FB5 /* guide_07_first_win_mei_v2.png in Resources */,
				396CC1814EFDE8EE92647C33 /* guide_08_daily_checkin_manchas_v2.png in Resources */,
				EACB7A6A1ACF088F9ADFA30F /* guide_09_weekly_boss_tikki_manchas_v2.png in Resources */,
				A00BC835A937F9EF119972B6 /* guide_10_premium_trial_mei_v2.png in Resources */,
				51FAC1B085057384E851296F /* guide_11_budget_wizard_steps_mei_v2.png in Resources */,
				D32B4986C1306208E18755C2 /* guide_12_budget_review_family_tikki_manchas_v2.png in Resources */,
				1A39E8A6890D71AA0AE136C4 /* guide_13_subscription_hydra_manchas_v2.png in Resources */,
				E25034002BAE44787628E3C6 /* guide_14_bill_radar_tikki_v2.png in Resources */,
				1471A33FCC39E0845D2459AE /* guide_15_emergency_fund_shield_mei_v2.png in Resources */,
				11D4EDED70C86DB7D2566D40 /* guide_16_family_mission_board_team_v2.png in Resources */,
				5ED18086411C9BF641209300 /* guide_17_landing_hero_team_v2.png in Resources */,
				F6B4536F6F60E2EB56759A8B /* guide_18_landing_trust_shield_mei_v2.png in Resources */,
				59DD44AF2E83C6059C98A1D6 /* guide_19_pricing_cards_tikki_v2.png in Resources */,
				1E3FF07028AD55E759042E65 /* guide_20_subscription_checkout_manchas_v2.png in Resources */,
				74E67A929DC71D863D2EFABC /* guide_21_profile_identity_ludo_v2.png in Resources */,
				E23872066D5DD6A6F8D73B6B /* guide_22_help_center_ludo_v2.png in Resources */,
				EB6DF32594016F90A8BCD728 /* guide_23_rules_automation_ludo_v2.png in Resources */,
				004836954D89D6E877467C3A /* guide_24_advanced_tools_manchas_v2.png in Resources */,
				39C47AD77DD4044A0F8385F5 /* guide_25_splash_team_v2.png in Resources */,
				2EEDC13EE0959F9789EA5EE9 /* guide_26_loading_yarn_team_v2.png in Resources */,
				C7774AF9FCA3292049521C41 /* logo_mark_rosette_v2.png in Resources */,
				AB2296AC9A01E51AD8D2089C /* manchas_angry_v2.png in Resources */,
				8372F74D3DFD4FA61F319A04 /* manchas_confused_v2.png in Resources */,
				854E570E14FDC559AC45CF85 /* manchas_excited_v2.png in Resources */,
				41272B5D248649B61D7C367C /* manchas_happy_v2.png in Resources */,
				2075B4BAD8CFC8E86497DF21 /* manchas_love_v2.png in Resources */,
				ADDAF24DAE772F38566306B3 /* manchas_neutral_v2.png in Resources */,
				8138660088F953DFBD59FD05 /* manchas_proud_v2.png in Resources */,
				AAC28C76A7226EBAF0D9A40A /* manchas_sad_v2.png in Resources */,
				CFEDF48A4FDA77EFC6FAD2B4 /* manchas_shocked_v2.png in Resources */,
				8C73293B4B63FCC6FA3933BB /* manchas_sleepy_v2.png in Resources */,
				B7E351474CD77F07070565D5 /* manchas_thinking_v2.png in Resources */,
				2C79A673121DD0E5826340D8 /* manchas_warning_v2.png in Resources */,
				AFC44BB846CDF66F5FEE2D7C /* mei_angry_v2.png in Resources */,
				81A195C6661D81AD64D01C2B /* mei_confused_v2.png in Resources */,
				AAEB7D01E712F4A2C7B8EDB0 /* mei_excited_v2.png in Resources */,
				3FE7B310989B98BD69678336 /* mei_happy_v2.png in Resources */,
				4404D795880F86C1125D6917 /* mei_love_v2.png in Resources */,
				7DF4DC2173F9DABE964341CE /* mei_neutral_v2.png in Resources */,
				F54EF749BC540E5FBF036647 /* mei_proud_v2.png in Resources */,
				56BB8D8311E4328268C5B457 /* mei_sad_v2.png in Resources */,
				DDB676037694904B3200DF10 /* mei_shocked_v2.png in Resources */,
				6A7708B2F5103A9CCFC04D88 /* mei_sleepy_v2.png in Resources */,
				90423D9EBA9817B430E3AD6D /* mei_thinking_v2.png in Resources */,
				A04E5EE473BA9699A0BFA40F /* mei_warning_v2.png in Resources */,
				E25A6E367BEDBD1C79DB67A4 /* tikki_angry_v2.png in Resources */,
				E69BC38F7105C656F88A66A3 /* tikki_confused_v2.png in Resources */,
				C89160FB8287A75BE902597B /* tikki_excited_v2.png in Resources */,
				5990879729FF8B63FB7F8BA4 /* tikki_happy_v2.png in Resources */,
				2C6851D6C10A86FF7CD2AF01 /* tikki_love_v2.png in Resources */,
				9EBBBC5B08AEB392943CEDEF /* tikki_neutral_v2.png in Resources */,
				1EDAB963E4B94727860B6295 /* tikki_proud_v2.png in Resources */,
				E35CC7910D62E3105C971CCB /* tikki_sad_v2.png in Resources */,
				3728D313064AF5547716224D /* tikki_shocked_v2.png in Resources */,
				FFB288A14F62765FDCBFAC77 /* tikki_sleepy_v2.png in Resources */,
				E808C62D35AF1A4E666758F8 /* tikki_thinking_v2.png in Resources */,
				B7816BC711D0B69DE984FBCB /* tikki_warning_v2.png in Resources */,
				FB19B404E1F4529356C0489D /* wordmark_v2.png in Resources */,
			);
			runOnlyForDeploymentPostprocessing = 0;
		};
/* End PBXResourcesBuildPhase section */

/* Begin PBXSourcesBuildPhase section */
		0A25A722FCE77BB36166A18F /* Sources */ = {
			isa = PBXSourcesBuildPhase;
			buildActionMask = 2147483647;
			files = (
				A6ADBC686E1CB99E645B79AB /* AddExpenseView.swift in Sources */,
				5857534E7E423891F0D2B0EE /* AdvancedSettingsView.swift in Sources */,
				E47578E85D90851BDB30D96B /* AppLocalization.swift in Sources */,
				A14E5B6B21BADE70EC7F687F /* AppRootView.swift in Sources */,
				0F23374C3FFF9B892C7C0270 /* AppViewModel.swift in Sources */,
				814A93CC9BAC8C86152BE59E /* AuthConfiguration.swift in Sources */,
				9D3CD4F9F0A4319BF2F050F1 /* AuthSupport.swift in Sources */,
				4D4645CD2FE607017F0639D5 /* AuthView.swift in Sources */,
				9D4E37757DC5A04361C411D5 /* BrandAssetImage.swift in Sources */,
				5154AF9E6F213923B5C3A85F /* BrandAssets.swift in Sources */,
				A45A022AE99A11335AFB290E /* BrandComponents.swift in Sources */,
				9BF510400E05D1A4B72ECA8A /* BrandGalleryView.swift in Sources */,
				ACAD378E80ADFC46E2F85EAB /* BrandStory.swift in Sources */,
				7883824A9181C09919A5380F /* BudgetWizardView.swift in Sources */,
				2DC48FEE7581A00FF9087E18 /* ConfirmAccountView.swift in Sources */,
				A2DF8D44AC0AE36303F3FA67 /* CuteLoadingComponents.swift in Sources */,
				E30FD45D36AE9FF7582B0794 /* DashboardView.swift in Sources */,
				748A230A2F9398A3A9D02B41 /* ExpensesCenterView.swift in Sources */,
				163578777B41DCF6A2A0FC5F /* ExperienceComponents.swift in Sources */,
				FDC9CF4BAB873272B35E87BB /* FinanceAccountsToolView.swift in Sources */,
				28DAA76C5037D75DEC8EDDEC /* FinanceBillsToolView.swift in Sources */,
				A30437ECD8F41BABB4A42203 /* FinanceCsvImportToolView.swift in Sources */,
				91E731398ADCE401D5B7B1F6 /* FinanceModels.swift in Sources */,
				78FD6FF7284FE22A88BCE118 /* FinanceReceiptScanToolView.swift in Sources */,
				CB8F42A6511C41025ABF0910 /* FinanceRulesToolView.swift in Sources */,
				A5F0AF220D1EE49965542838 /* FinanceStore.swift in Sources */,
				24530C5507D70C5A3041AE7C /* FinanceToolSupportViews.swift in Sources */,
				EC9FE9E3AF1E789DD8C2FBCD /* FlowStack.swift in Sources */,
				82DEEAED45406847C6ACBF4B /* GrowthSnapshot.swift in Sources */,
				2180ED9BE745BCC430A6B38C /* GuideSheet.swift in Sources */,
				B3FAD3530E5C3545269E681F /* Guides.swift in Sources */,
				04E00FF56F15EBE2816E0EFB /* HelpCenterView.swift in Sources */,
				02C6DDAE3EB1ABFCFBF4C91E /* HostedUIAuthService.swift in Sources */,
				DCE0492B5DA8A93842388CF6 /* InsightsView.swift in Sources */,
				DE5D447306B02BC086076ED6 /* LegalCenterView.swift in Sources */,
				1BFAC9F2D1D8FBF19FBE8052 /* LocalLedgerExport.swift in Sources */,
				16A32504BA5C649D391C39B1 /* MascotExperienceComponents.swift in Sources */,
				17EBFD7F7D5C568DFA011E37 /* Models.swift in Sources */,
				BFB1C3C45472B438B680F918 /* NativeAppShellView.swift in Sources */,
				77843C280365837DC6797467 /* OnboardingView.swift in Sources */,
				E9DAD4C151A3D2FCBD608678 /* PremiumView.swift in Sources */,
				DD5EF1AA1AA2C0479F642F48 /* PreviewFinanceData.swift in Sources */,
				5F087A9A789816CA3D0374CB /* ProfileView.swift in Sources */,
				AED083756FE4631D3475EBD2 /* ReceiptVisionService.swift in Sources */,
				52978F026A957FCC3741603E /* ResetPasswordView.swift in Sources */,
				D84782692819883735AEBC17 /* Services.swift in Sources */,
				8190DE8A0F0ADDF37A21E9A0 /* SettingsView.swift in Sources */,
				30CC4427086325546CBEFE6A /* SpendSageApp.swift in Sources */,
				BA3E435560B1762B69507B9B /* SupportCenterView.swift in Sources */,
				89E9E8CAFC4E34AC1E24BBB5 /* Theme.swift in Sources */,
				27ED7669DDCF299D7726CED2 /* TrophyHistoryView.swift in Sources */,
			);
			runOnlyForDeploymentPostprocessing = 0;
		};
		E8A95A5EED2DD9F478C51DFA /* Sources */ = {
			isa = PBXSourcesBuildPhase;
			buildActionMask = 2147483647;
			files = (
				F6D4F13256E68E49F659F817 /* ReceiptVisionServiceTests.swift in Sources */,
				65B04B25CFA84CFF4DB53DCF /* SpendSageTests.swift in Sources */,
			);
			runOnlyForDeploymentPostprocessing = 0;
		};
/* End PBXSourcesBuildPhase section */

/* Begin PBXTargetDependency section */
		7416128096ADF2052A7A2380 /* PBXTargetDependency */ = {
			isa = PBXTargetDependency;
			target = 9F2ED8D47CD74BCA367AABE9 /* SpendSage */;
			targetProxy = 64FD085295E77B93A81E9BC8 /* PBXContainerItemProxy */;
		};
/* End PBXTargetDependency section */

/* Begin XCBuildConfiguration section */
		0C48E95CDB0345D59C0C9ED8 /* Debug */ = {
			isa = XCBuildConfiguration;
			buildSettings = {
				BUNDLE_LOADER = "$(TEST_HOST)";
				GENERATE_INFOPLIST_FILE = YES;
				IPHONEOS_DEPLOYMENT_TARGET = 17.0;
				LD_RUNPATH_SEARCH_PATHS = (
					"$(inherited)",
					"@executable_path/Frameworks",
					"@loader_path/Frameworks",
				);
				PRODUCT_BUNDLE_IDENTIFIER = com.spendsage.ai.tests;
				PRODUCT_NAME = SpendSageTests;
				SDKROOT = iphoneos;
				TARGETED_DEVICE_FAMILY = "1,2";
				TEST_HOST = "$(BUILT_PRODUCTS_DIR)/SpendSage.app/SpendSage";
			};
			name = Debug;
		};
		4AADC1A9AFF198411801A4F1 /* Release */ = {
			isa = XCBuildConfiguration;
			buildSettings = {
				ASSETCATALOG_COMPILER_APPICON_NAME = AppIcon;
				CODE_SIGN_IDENTITY = "iPhone Developer";
				GENERATE_INFOPLIST_FILE = NO;
				INFOPLIST_FILE = SpendSage/Info.plist;
				INFOPLIST_KEY_CFBundleIconName = AppIcon;
				IPHONEOS_DEPLOYMENT_TARGET = 17.0;
				LD_RUNPATH_SEARCH_PATHS = (
					"$(inherited)",
					"@executable_path/Frameworks",
				);
				PRODUCT_BUNDLE_IDENTIFIER = com.spendsage.ai;
				SDKROOT = iphoneos;
				TARGETED_DEVICE_FAMILY = 1;
			};
			name = Release;
		};
		7A133AE9412634D2AEFDA9B3 /* Debug */ = {
			isa = XCBuildConfiguration;
			buildSettings = {
				ALWAYS_SEARCH_USER_PATHS = NO;
				CLANG_ANALYZER_NONNULL = YES;
				CLANG_ANALYZER_NUMBER_OBJECT_CONVERSION = YES_AGGRESSIVE;
				CLANG_CXX_LANGUAGE_STANDARD = "gnu++14";
				CLANG_CXX_LIBRARY = "libc++";
				CLANG_ENABLE_MODULES = YES;
				CLANG_ENABLE_OBJC_ARC = YES;
				CLANG_ENABLE_OBJC_WEAK = YES;
				CLANG_WARN_BLOCK_CAPTURE_AUTORELEASING = YES;
				CLANG_WARN_BOOL_CONVERSION = YES;
				CLANG_WARN_COMMA = YES;
				CLANG_WARN_CONSTANT_CONVERSION = YES;
				CLANG_WARN_DEPRECATED_OBJC_IMPLEMENTATIONS = YES;
				CLANG_WARN_DIRECT_OBJC_ISA_USAGE = YES_ERROR;
				CLANG_WARN_DOCUMENTATION_COMMENTS = YES;
				CLANG_WARN_EMPTY_BODY = YES;
				CLANG_WARN_ENUM_CONVERSION = YES;
				CLANG_WARN_INFINITE_RECURSION = YES;
				CLANG_WARN_INT_CONVERSION = YES;
				CLANG_WARN_NON_LITERAL_NULL_CONVERSION = YES;
				CLANG_WARN_OBJC_IMPLICIT_RETAIN_SELF = YES;
				CLANG_WARN_OBJC_LITERAL_CONVERSION = YES;
				CLANG_WARN_OBJC_ROOT_CLASS = YES_ERROR;
				CLANG_WARN_QUOTED_INCLUDE_IN_FRAMEWORK_HEADER = YES;
				CLANG_WARN_RANGE_LOOP_ANALYSIS = YES;
				CLANG_WARN_STRICT_PROTOTYPES = YES;
				CLANG_WARN_SUSPICIOUS_MOVE = YES;
				CLANG_WARN_UNGUARDED_AVAILABILITY = YES_AGGRESSIVE;
				CLANG_WARN_UNREACHABLE_CODE = YES;
				CLANG_WARN__DUPLICATE_METHOD_MATCH = YES;
				CODE_SIGN_STYLE = Automatic;
				COPY_PHASE_STRIP = NO;
				CURRENT_PROJECT_VERSION = 8;
				DEBUG_INFORMATION_FORMAT = dwarf;
				DEVELOPMENT_TEAM = YU855NB22W;
				ENABLE_STRICT_OBJC_MSGSEND = YES;
				ENABLE_TESTABILITY = YES;
				GCC_C_LANGUAGE_STANDARD = gnu11;
				GCC_DYNAMIC_NO_PIC = NO;
				GCC_NO_COMMON_BLOCKS = YES;
				GCC_OPTIMIZATION_LEVEL = 0;
				GCC_PREPROCESSOR_DEFINITIONS = (
					"$(inherited)",
					"DEBUG=1",
				);
				GCC_WARN_64_TO_32_BIT_CONVERSION = YES;
				GCC_WARN_ABOUT_RETURN_TYPE = YES_ERROR;
				GCC_WARN_UNDECLARED_SELECTOR = YES;
				GCC_WARN_UNINITIALIZED_AUTOS = YES_AGGRESSIVE;
				GCC_WARN_UNUSED_FUNCTION = YES;
				GCC_WARN_UNUSED_VARIABLE = YES;
				IPHONEOS_DEPLOYMENT_TARGET = 17.0;
				MARKETING_VERSION = 1.0;
				MTL_ENABLE_DEBUG_INFO = INCLUDE_SOURCE;
				MTL_FAST_MATH = YES;
				ONLY_ACTIVE_ARCH = YES;
				PRODUCT_NAME = SpendSage;
				SDKROOT = iphoneos;
				SWIFT_ACTIVE_COMPILATION_CONDITIONS = DEBUG;
				SWIFT_OPTIMIZATION_LEVEL = "-Onone";
				SWIFT_VERSION = 6.0;
			};
			name = Debug;
		};
		851879AC7FC2C024D68D0790 /* Release */ = {
			isa = XCBuildConfiguration;
			buildSettings = {
				BUNDLE_LOADER = "$(TEST_HOST)";
				GENERATE_INFOPLIST_FILE = YES;
				IPHONEOS_DEPLOYMENT_TARGET = 17.0;
				LD_RUNPATH_SEARCH_PATHS = (
					"$(inherited)",
					"@executable_path/Frameworks",
					"@loader_path/Frameworks",
				);
				PRODUCT_BUNDLE_IDENTIFIER = com.spendsage.ai.tests;
				PRODUCT_NAME = SpendSageTests;
				SDKROOT = iphoneos;
				TARGETED_DEVICE_FAMILY = "1,2";
				TEST_HOST = "$(BUILT_PRODUCTS_DIR)/SpendSage.app/SpendSage";
			};
			name = Release;
		};
		A929DFAE2C495E575577A85D /* Debug */ = {
			isa = XCBuildConfiguration;
			buildSettings = {
				ASSETCATALOG_COMPILER_APPICON_NAME = AppIcon;
				CODE_SIGN_IDENTITY = "iPhone Developer";
				GENERATE_INFOPLIST_FILE = NO;
				INFOPLIST_FILE = SpendSage/Info.plist;
				INFOPLIST_KEY_CFBundleIconName = AppIcon;
				IPHONEOS_DEPLOYMENT_TARGET = 17.0;
				LD_RUNPATH_SEARCH_PATHS = (
					"$(inherited)",
					"@executable_path/Frameworks",
				);
				PRODUCT_BUNDLE_IDENTIFIER = com.spendsage.ai;
				SDKROOT = iphoneos;
				TARGETED_DEVICE_FAMILY = 1;
			};
			name = Debug;
		};
		D6D30590802EC7FBF3A82273 /* Release */ = {
			isa = XCBuildConfiguration;
			buildSettings = {
				ALWAYS_SEARCH_USER_PATHS = NO;
				CLANG_ANALYZER_NONNULL = YES;
				CLANG_ANALYZER_NUMBER_OBJECT_CONVERSION = YES_AGGRESSIVE;
				CLANG_CXX_LANGUAGE_STANDARD = "gnu++14";
				CLANG_CXX_LIBRARY = "libc++";
				CLANG_ENABLE_MODULES = YES;
				CLANG_ENABLE_OBJC_ARC = YES;
				CLANG_ENABLE_OBJC_WEAK = YES;
				CLANG_WARN_BLOCK_CAPTURE_AUTORELEASING = YES;
				CLANG_WARN_BOOL_CONVERSION = YES;
				CLANG_WARN_COMMA = YES;
				CLANG_WARN_CONSTANT_CONVERSION = YES;
				CLANG_WARN_DEPRECATED_OBJC_IMPLEMENTATIONS = YES;
				CLANG_WARN_DIRECT_OBJC_ISA_USAGE = YES_ERROR;
				CLANG_WARN_DOCUMENTATION_COMMENTS = YES;
				CLANG_WARN_EMPTY_BODY = YES;
				CLANG_WARN_ENUM_CONVERSION = YES;
				CLANG_WARN_INFINITE_RECURSION = YES;
				CLANG_WARN_INT_CONVERSION = YES;
				CLANG_WARN_NON_LITERAL_NULL_CONVERSION = YES;
				CLANG_WARN_OBJC_IMPLICIT_RETAIN_SELF = YES;
				CLANG_WARN_OBJC_LITERAL_CONVERSION = YES;
				CLANG_WARN_OBJC_ROOT_CLASS = YES_ERROR;
				CLANG_WARN_QUOTED_INCLUDE_IN_FRAMEWORK_HEADER = YES;
				CLANG_WARN_RANGE_LOOP_ANALYSIS = YES;
				CLANG_WARN_STRICT_PROTOTYPES = YES;
				CLANG_WARN_SUSPICIOUS_MOVE = YES;
				CLANG_WARN_UNGUARDED_AVAILABILITY = YES_AGGRESSIVE;
				CLANG_WARN_UNREACHABLE_CODE = YES;
				CLANG_WARN__DUPLICATE_METHOD_MATCH = YES;
				CODE_SIGN_STYLE = Automatic;
				COPY_PHASE_STRIP = NO;
				CURRENT_PROJECT_VERSION = 8;
				DEBUG_INFORMATION_FORMAT = "dwarf-with-dsym";
				DEVELOPMENT_TEAM = YU855NB22W;
				ENABLE_NS_ASSERTIONS = NO;
				ENABLE_STRICT_OBJC_MSGSEND = YES;
				GCC_C_LANGUAGE_STANDARD = gnu11;
				GCC_NO_COMMON_BLOCKS = YES;
				GCC_WARN_64_TO_32_BIT_CONVERSION = YES;
				GCC_WARN_ABOUT_RETURN_TYPE = YES_ERROR;
				GCC_WARN_UNDECLARED_SELECTOR = YES;
				GCC_WARN_UNINITIALIZED_AUTOS = YES_AGGRESSIVE;
				GCC_WARN_UNUSED_FUNCTION = YES;
				GCC_WARN_UNUSED_VARIABLE = YES;
				IPHONEOS_DEPLOYMENT_TARGET = 17.0;
				MARKETING_VERSION = 1.0;
				MTL_ENABLE_DEBUG_INFO = NO;
				MTL_FAST_MATH = YES;
				PRODUCT_NAME = SpendSage;
				SDKROOT = iphoneos;
				SWIFT_COMPILATION_MODE = wholemodule;
				SWIFT_OPTIMIZATION_LEVEL = "-O";
				SWIFT_VERSION = 6.0;
			};
			name = Release;
		};
/* End XCBuildConfiguration section */

/* Begin XCConfigurationList section */
		0C7F8DBB5C0A8097AD1A477E /* Build configuration list for PBXProject "SpendSage" */ = {
			isa = XCConfigurationList;
			buildConfigurations = (
				7A133AE9412634D2AEFDA9B3 /* Debug */,
				D6D30590802EC7FBF3A82273 /* Release */,
			);
			defaultConfigurationIsVisible = 0;
			defaultConfigurationName = Debug;
		};
		4D0BF39BAB528D549C05E133 /* Build configuration list for PBXNativeTarget "SpendSage" */ = {
			isa = XCConfigurationList;
			buildConfigurations = (
				A929DFAE2C495E575577A85D /* Debug */,
				4AADC1A9AFF198411801A4F1 /* Release */,
			);
			defaultConfigurationIsVisible = 0;
			defaultConfigurationName = Debug;
		};
		AAA997ADB65BC4DC13E70DF7 /* Build configuration list for PBXNativeTarget "SpendSageTests" */ = {
			isa = XCConfigurationList;
			buildConfigurations = (
				0C48E95CDB0345D59C0C9ED8 /* Debug */,
				851879AC7FC2C024D68D0790 /* Release */,
			);
			defaultConfigurationIsVisible = 0;
			defaultConfigurationName = Debug;
		};
/* End XCConfigurationList section */
	};
	rootObject = 630140D4516574A7C7A9712B /* Project object */;
}
